// !$*UTF8*$!
{
	archiveVersion = 1;
	classes = {
	};
	objectVersion = 56;
	objects = {

/* Begin PBXBuildFile section */
		B60091492A6703C100CCAE26 /* RegisterViewController.swift in Sources */ = {isa = PBXBuildFile; fileRef = B60091482A6703C100CCAE26 /* RegisterViewController.swift */; };
		B60A64682A68476F009EB2F4 /* UIColor.swift in Sources */ = {isa = PBXBuildFile; fileRef = B60A64672A68476F009EB2F4 /* UIColor.swift */; };
		B60A646B2A693176009EB2F4 /* VerifyViewController.swift in Sources */ = {isa = PBXBuildFile; fileRef = B60A646A2A693176009EB2F4 /* VerifyViewController.swift */; };
		B60A646D2A697C3E009EB2F4 /* PhoneVerificationViewController.swift in Sources */ = {isa = PBXBuildFile; fileRef = B60A646C2A697C3E009EB2F4 /* PhoneVerificationViewController.swift */; };
		B67ECFD42A66AD760052CA79 /* AppDelegate.swift in Sources */ = {isa = PBXBuildFile; fileRef = B67ECFD32A66AD760052CA79 /* AppDelegate.swift */; };
		B67ECFD62A66AD760052CA79 /* SceneDelegate.swift in Sources */ = {isa = PBXBuildFile; fileRef = B67ECFD52A66AD760052CA79 /* SceneDelegate.swift */; };
		B67ECFD82A66AD760052CA79 /* ViewController.swift in Sources */ = {isa = PBXBuildFile; fileRef = B67ECFD72A66AD760052CA79 /* ViewController.swift */; };
		B67ECFDB2A66AD760052CA79 /* Main.storyboard in Resources */ = {isa = PBXBuildFile; fileRef = B67ECFD92A66AD760052CA79 /* Main.storyboard */; };
		B67ECFDD2A66AD770052CA79 /* Assets.xcassets in Resources */ = {isa = PBXBuildFile; fileRef = B67ECFDC2A66AD770052CA79 /* Assets.xcassets */; };
		B67ECFE02A66AD770052CA79 /* LaunchScreen.storyboard in Resources */ = {isa = PBXBuildFile; fileRef = B67ECFDE2A66AD770052CA79 /* LaunchScreen.storyboard */; };
		B67ECFEC2A66AFAA0052CA79 /* LoginViewController.swift in Sources */ = {isa = PBXBuildFile; fileRef = B67ECFEB2A66AFAA0052CA79 /* LoginViewController.swift */; };
/* End PBXBuildFile section */

/* Begin PBXFileReference section */
		B60091482A6703C100CCAE26 /* RegisterViewController.swift */ = {isa = PBXFileReference; lastKnownFileType = sourcecode.swift; path = RegisterViewController.swift; sourceTree = "<group>"; };
		B60A64672A68476F009EB2F4 /* UIColor.swift */ = {isa = PBXFileReference; lastKnownFileType = sourcecode.swift; path = UIColor.swift; sourceTree = "<group>"; };
		B60A646A2A693176009EB2F4 /* VerifyViewController.swift */ = {isa = PBXFileReference; lastKnownFileType = sourcecode.swift; path = VerifyViewController.swift; sourceTree = "<group>"; };
		B60A646C2A697C3E009EB2F4 /* PhoneVerificationViewController.swift */ = {isa = PBXFileReference; lastKnownFileType = sourcecode.swift; path = PhoneVerificationViewController.swift; sourceTree = "<group>"; };
		B67ECFD02A66AD760052CA79 /* Markets.app */ = {isa = PBXFileReference; explicitFileType = wrapper.application; includeInIndex = 0; path = Markets.app; sourceTree = BUILT_PRODUCTS_DIR; };
		B67ECFD32A66AD760052CA79 /* AppDelegate.swift */ = {isa = PBXFileReference; lastKnownFileType = sourcecode.swift; path = AppDelegate.swift; sourceTree = "<group>"; };
		B67ECFD52A66AD760052CA79 /* SceneDelegate.swift */ = {isa = PBXFileReference; lastKnownFileType = sourcecode.swift; path = SceneDelegate.swift; sourceTree = "<group>"; };
		B67ECFD72A66AD760052CA79 /* ViewController.swift */ = {isa = PBXFileReference; lastKnownFileType = sourcecode.swift; path = ViewController.swift; sourceTree = "<group>"; };
		B67ECFDA2A66AD760052CA79 /* Base */ = {isa = PBXFileReference; lastKnownFileType = file.storyboard; name = Base; path = Base.lproj/Main.storyboard; sourceTree = "<group>"; };
		B67ECFDC2A66AD770052CA79 /* Assets.xcassets */ = {isa = PBXFileReference; lastKnownFileType = folder.assetcatalog; path = Assets.xcassets; sourceTree = "<group>"; };
		B67ECFDF2A66AD770052CA79 /* Base */ = {isa = PBXFileReference; lastKnownFileType = file.storyboard; name = Base; path = Base.lproj/LaunchScreen.storyboard; sourceTree = "<group>"; };
		B67ECFE12A66AD770052CA79 /* Info.plist */ = {isa = PBXFileReference; lastKnownFileType = text.plist.xml; path = Info.plist; sourceTree = "<group>"; };
		B67ECFEB2A66AFAA0052CA79 /* LoginViewController.swift */ = {isa = PBXFileReference; lastKnownFileType = sourcecode.swift; path = LoginViewController.swift; sourceTree = "<group>"; };
/* End PBXFileReference section */

/* Begin PBXFrameworksBuildPhase section */
		B67ECFCD2A66AD760052CA79 /* Frameworks */ = {
			isa = PBXFrameworksBuildPhase;
			buildActionMask = 2147483647;
			files = (
			);
			runOnlyForDeploymentPostprocessing = 0;
		};
/* End PBXFrameworksBuildPhase section */

/* Begin PBXGroup section */
		B60A64662A68475D009EB2F4 /* extensions */ = {
			isa = PBXGroup;
			children = (
				B60A64672A68476F009EB2F4 /* UIColor.swift */,
			);
			path = extensions;
			sourceTree = "<group>";
		};
		B60A64692A693159009EB2F4 /* register */ = {
			isa = PBXGroup;
			children = (
				B60091482A6703C100CCAE26 /* RegisterViewController.swift */,
				B60A646A2A693176009EB2F4 /* VerifyViewController.swift */,
			);
			path = register;
			sourceTree = "<group>";
		};
		B67ECFC72A66AD760052CA79 = {
			isa = PBXGroup;
			children = (
				B67ECFD22A66AD760052CA79 /* Markets */,
				B67ECFD12A66AD760052CA79 /* Products */,
			);
			sourceTree = "<group>";
		};
		B67ECFD12A66AD760052CA79 /* Products */ = {
			isa = PBXGroup;
			children = (
				B67ECFD02A66AD760052CA79 /* Markets.app */,
			);
			name = Products;
			sourceTree = "<group>";
		};
		B67ECFD22A66AD760052CA79 /* Markets */ = {
			isa = PBXGroup;
			children = (
				B60A64662A68475D009EB2F4 /* extensions */,
				B67ECFE72A66AE2E0052CA79 /* Models */,
				B67ECFE82A66AE360052CA79 /* Views */,
				B67ECFE92A66AE3B0052CA79 /* Controllers */,
				B67ECFD32A66AD760052CA79 /* AppDelegate.swift */,
				B67ECFD52A66AD760052CA79 /* SceneDelegate.swift */,
				B67ECFDC2A66AD770052CA79 /* Assets.xcassets */,
				B67ECFDE2A66AD770052CA79 /* LaunchScreen.storyboard */,
				B67ECFE12A66AD770052CA79 /* Info.plist */,
			);
			path = Markets;
			sourceTree = "<group>";
		};
		B67ECFE72A66AE2E0052CA79 /* Models */ = {
			isa = PBXGroup;
			children = (
			);
			path = Models;
			sourceTree = "<group>";
		};
		B67ECFE82A66AE360052CA79 /* Views */ = {
			isa = PBXGroup;
			children = (
				B67ECFD92A66AD760052CA79 /* Main.storyboard */,
			);
			path = Views;
			sourceTree = "<group>";
		};
		B67ECFE92A66AE3B0052CA79 /* Controllers */ = {
			isa = PBXGroup;
			children = (
				B67ECFEA2A66AECC0052CA79 /* Auth */,
				B67ECFD72A66AD760052CA79 /* ViewController.swift */,
			);
			path = Controllers;
			sourceTree = "<group>";
		};
		B67ECFEA2A66AECC0052CA79 /* Auth */ = {
			isa = PBXGroup;
			children = (
				B60A64692A693159009EB2F4 /* register */,
				B67ECFEB2A66AFAA0052CA79 /* LoginViewController.swift */,
				B60A646C2A697C3E009EB2F4 /* PhoneVerificationViewController.swift */,
			);
			path = Auth;
			sourceTree = "<group>";
		};
/* End PBXGroup section */

/* Begin PBXNativeTarget section */
		B67ECFCF2A66AD760052CA79 /* Markets */ = {
			isa = PBXNativeTarget;
			buildConfigurationList = B67ECFE42A66AD770052CA79 /* Build configuration list for PBXNativeTarget "Markets" */;
			buildPhases = (
				B67ECFCC2A66AD760052CA79 /* Sources */,
				B67ECFCD2A66AD760052CA79 /* Frameworks */,
				B67ECFCE2A66AD760052CA79 /* Resources */,
			);
			buildRules = (
			);
			dependencies = (
			);
			name = Markets;
			productName = Markets;
			productReference = B67ECFD02A66AD760052CA79 /* Markets.app */;
			productType = "com.apple.product-type.application";
		};
/* End PBXNativeTarget section */

/* Begin PBXProject section */
		B67ECFC82A66AD760052CA79 /* Project object */ = {
			isa = PBXProject;
			attributes = {
				BuildIndependentTargetsInParallel = 1;
				LastSwiftUpdateCheck = 1420;
				LastUpgradeCheck = 1420;
				TargetAttributes = {
					B67ECFCF2A66AD760052CA79 = {
						CreatedOnToolsVersion = 14.2;
					};
				};
			};
			buildConfigurationList = B67ECFCB2A66AD760052CA79 /* Build configuration list for PBXProject "Markets" */;
			compatibilityVersion = "Xcode 14.0";
			developmentRegion = en;
			hasScannedForEncodings = 0;
			knownRegions = (
				en,
				Base,
			);
			mainGroup = B67ECFC72A66AD760052CA79;
			productRefGroup = B67ECFD12A66AD760052CA79 /* Products */;
			projectDirPath = "";
			projectRoot = "";
			targets = (
				B67ECFCF2A66AD760052CA79 /* Markets */,
			);
		};
/* End PBXProject section */

/* Begin PBXResourcesBuildPhase section */
		B67ECFCE2A66AD760052CA79 /* Resources */ = {
			isa = PBXResourcesBuildPhase;
			buildActionMask = 2147483647;
			files = (
				B67ECFE02A66AD770052CA79 /* LaunchScreen.storyboard in Resources */,
				B67ECFDD2A66AD770052CA79 /* Assets.xcassets in Resources */,
				B67ECFDB2A66AD760052CA79 /* Main.storyboard in Resources */,
			);
			runOnlyForDeploymentPostprocessing = 0;
		};
/* End PBXResourcesBuildPhase section */

/* Begin PBXSourcesBuildPhase section */
		B67ECFCC2A66AD760052CA79 /* Sources */ = {
			isa = PBXSourcesBuildPhase;
			buildActionMask = 2147483647;
			files = (
				B67ECFEC2A66AFAA0052CA79 /* LoginViewController.swift in Sources */,
				B60A64682A68476F009EB2F4 /* UIColor.swift in Sources */,
				B60091492A6703C100CCAE26 /* RegisterViewController.swift in Sources */,
				B67ECFD82A66AD760052CA79 /* ViewController.swift in Sources */,
				B60A646D2A697C3E009EB2F4 /* PhoneVerificationViewController.swift in Sources */,
				B67ECFD42A66AD760052CA79 /* AppDelegate.swift in Sources */,
				B67ECFD62A66AD760052CA79 /* SceneDelegate.swift in Sources */,
				B60A646B2A693176009EB2F4 /* VerifyViewController.swift in Sources */,
			);
			runOnlyForDeploymentPostprocessing = 0;
		};
/* End PBXSourcesBuildPhase section */

/* Begin PBXVariantGroup section */
		B67ECFD92A66AD760052CA79 /* Main.storyboard */ = {
			isa = PBXVariantGroup;
			children = (
				B67ECFDA2A66AD760052CA79 /* Base */,
			);
			name = Main.storyboard;
			sourceTree = "<group>";
		};
		B67ECFDE2A66AD770052CA79 /* LaunchScreen.storyboard */ = {
			isa = PBXVariantGroup;
			children = (
				B67ECFDF2A66AD770052CA79 /* Base */,
			);
			name = LaunchScreen.storyboard;
			sourceTree = "<group>";
		};
/* End PBXVariantGroup section */

/* Begin XCBuildConfiguration section */
		B67ECFE22A66AD770052CA79 /* Debug */ = {
			isa = XCBuildConfiguration;
			buildSettings = {
				ALWAYS_SEARCH_USER_PATHS = NO;
				CLANG_ANALYZER_NONNULL = YES;
				CLANG_ANALYZER_NUMBER_OBJECT_CONVERSION = YES_AGGRESSIVE;
				CLANG_CXX_LANGUAGE_STANDARD = "gnu++20";
				CLANG_ENABLE_MODULES = YES;
				CLANG_ENABLE_OBJC_ARC = YES;
				CLANG_ENABLE_OBJC_WEAK = YES;
				CLANG_WARN_BLOCK_CAPTURE_AUTORELEASING = YES;
				CLANG_WARN_BOOL_CONVERSION = YES;
				CLANG_WARN_COMMA = YES;
				CLANG_WARN_CONSTANT_CONVERSION = YES;
				CLANG_WARN_DEPRECATED_OBJC_IMPLEMENTATIONS = YES;
				CLANG_WARN_DIRECT_OBJC_ISA_USAGE = YES_ERROR;
				CLANG_WARN_DOCUMENTATION_COMMENTS = YES;
				CLANG_WARN_EMPTY_BODY = YES;
				CLANG_WARN_ENUM_CONVERSION = YES;
				CLANG_WARN_INFINITE_RECURSION = YES;
				CLANG_WARN_INT_CONVERSION = YES;
				CLANG_WARN_NON_LITERAL_NULL_CONVERSION = YES;
				CLANG_WARN_OBJC_IMPLICIT_RETAIN_SELF = YES;
				CLANG_WARN_OBJC_LITERAL_CONVERSION = YES;
				CLANG_WARN_OBJC_ROOT_CLASS = YES_ERROR;
				CLANG_WARN_QUOTED_INCLUDE_IN_FRAMEWORK_HEADER = YES;
				CLANG_WARN_RANGE_LOOP_ANALYSIS = YES;
				CLANG_WARN_STRICT_PROTOTYPES = YES;
				CLANG_WARN_SUSPICIOUS_MOVE = YES;
				CLANG_WARN_UNGUARDED_AVAILABILITY = YES_AGGRESSIVE;
				CLANG_WARN_UNREACHABLE_CODE = YES;
				CLANG_WARN__DUPLICATE_METHOD_MATCH = YES;
				COPY_PHASE_STRIP = NO;
				DEBUG_INFORMATION_FORMAT = dwarf;
				ENABLE_STRICT_OBJC_MSGSEND = YES;
				ENABLE_TESTABILITY = YES;
				GCC_C_LANGUAGE_STANDARD = gnu11;
				GCC_DYNAMIC_NO_PIC = NO;
				GCC_NO_COMMON_BLOCKS = YES;
				GCC_OPTIMIZATION_LEVEL = 0;
				GCC_PREPROCESSOR_DEFINITIONS = (
					"DEBUG=1",
					"$(inherited)",
				);
				GCC_WARN_64_TO_32_BIT_CONVERSION = YES;
				GCC_WARN_ABOUT_RETURN_TYPE = YES_ERROR;
				GCC_WARN_UNDECLARED_SELECTOR = YES;
				GCC_WARN_UNINITIALIZED_AUTOS = YES_AGGRESSIVE;
				GCC_WARN_UNUSED_FUNCTION = YES;
				GCC_WARN_UNUSED_VARIABLE = YES;
				IPHONEOS_DEPLOYMENT_TARGET = 16.2;
				MTL_ENABLE_DEBUG_INFO = INCLUDE_SOURCE;
				MTL_FAST_MATH = YES;
				ONLY_ACTIVE_ARCH = YES;
				SDKROOT = iphoneos;
				SWIFT_ACTIVE_COMPILATION_CONDITIONS = DEBUG;
				SWIFT_OPTIMIZATION_LEVEL = "-Onone";
			};
			name = Debug;
		};
		B67ECFE32A66AD770052CA79 /* Release */ = {
			isa = XCBuildConfiguration;
			buildSettings = {
				ALWAYS_SEARCH_USER_PATHS = NO;
				CLANG_ANALYZER_NONNULL = YES;
				CLANG_ANALYZER_NUMBER_OBJECT_CONVERSION = YES_AGGRESSIVE;
				CLANG_CXX_LANGUAGE_STANDARD = "gnu++20";
				CLANG_ENABLE_MODULES = YES;
				CLANG_ENABLE_OBJC_ARC = YES;
				CLANG_ENABLE_OBJC_WEAK = YES;
				CLANG_WARN_BLOCK_CAPTURE_AUTORELEASING = YES;
				CLANG_WARN_BOOL_CONVERSION = YES;
				CLANG_WARN_COMMA = YES;
				CLANG_WARN_CONSTANT_CONVERSION = YES;
				CLANG_WARN_DEPRECATED_OBJC_IMPLEMENTATIONS = YES;
				CLANG_WARN_DIRECT_OBJC_ISA_USAGE = YES_ERROR;
				CLANG_WARN_DOCUMENTATION_COMMENTS = YES;
				CLANG_WARN_EMPTY_BODY = YES;
				CLANG_WARN_ENUM_CONVERSION = YES;
				CLANG_WARN_INFINITE_RECURSION = YES;
				CLANG_WARN_INT_CONVERSION = YES;
				CLANG_WARN_NON_LITERAL_NULL_CONVERSION = YES;
				CLANG_WARN_OBJC_IMPLICIT_RETAIN_SELF = YES;
				CLANG_WARN_OBJC_LITERAL_CONVERSION = YES;
				CLANG_WARN_OBJC_ROOT_CLASS = YES_ERROR;
				CLANG_WARN_QUOTED_INCLUDE_IN_FRAMEWORK_HEADER = YES;
				CLANG_WARN_RANGE_LOOP_ANALYSIS = YES;
				CLANG_WARN_STRICT_PROTOTYPES = YES;
				CLANG_WARN_SUSPICIOUS_MOVE = YES;
				CLANG_WARN_UNGUARDED_AVAILABILITY = YES_AGGRESSIVE;
				CLANG_WARN_UNREACHABLE_CODE = YES;
				CLANG_WARN__DUPLICATE_METHOD_MATCH = YES;
				COPY_PHASE_STRIP = NO;
				DEBUG_INFORMATION_FORMAT = "dwarf-with-dsym";
				ENABLE_NS_ASSERTIONS = NO;
				ENABLE_STRICT_OBJC_MSGSEND = YES;
				GCC_C_LANGUAGE_STANDARD = gnu11;
				GCC_NO_COMMON_BLOCKS = YES;
				GCC_WARN_64_TO_32_BIT_CONVERSION = YES;
				GCC_WARN_ABOUT_RETURN_TYPE = YES_ERROR;
				GCC_WARN_UNDECLARED_SELECTOR = YES;
				GCC_WARN_UNINITIALIZED_AUTOS = YES_AGGRESSIVE;
				GCC_WARN_UNUSED_FUNCTION = YES;
				GCC_WARN_UNUSED_VARIABLE = YES;
				IPHONEOS_DEPLOYMENT_TARGET = 16.2;
				MTL_ENABLE_DEBUG_INFO = NO;
				MTL_FAST_MATH = YES;
				SDKROOT = iphoneos;
				SWIFT_COMPILATION_MODE = wholemodule;
				SWIFT_OPTIMIZATION_LEVEL = "-O";
				VALIDATE_PRODUCT = YES;
			};
			name = Release;
		};
		B67ECFE52A66AD770052CA79 /* Debug */ = {
			isa = XCBuildConfiguration;
			buildSettings = {
				ASSETCATALOG_COMPILER_APPICON_NAME = AppIcon;
				ASSETCATALOG_COMPILER_GLOBAL_ACCENT_COLOR_NAME = AccentColor;
				CODE_SIGN_STYLE = Automatic;
				CURRENT_PROJECT_VERSION = 1;
				DEVELOPMENT_TEAM = 4S5N4DZ3T3;
				GENERATE_INFOPLIST_FILE = YES;
				INFOPLIST_FILE = Markets/Info.plist;
				INFOPLIST_KEY_UIApplicationSupportsIndirectInputEvents = YES;
				INFOPLIST_KEY_UILaunchStoryboardName = LaunchScreen;
				INFOPLIST_KEY_UIMainStoryboardFile = Main;
				INFOPLIST_KEY_UISupportedInterfaceOrientations_iPad = "UIInterfaceOrientationPortrait UIInterfaceOrientationPortraitUpsideDown UIInterfaceOrientationLandscapeLeft UIInterfaceOrientationLandscapeRight";
				INFOPLIST_KEY_UISupportedInterfaceOrientations_iPhone = "UIInterfaceOrientationPortrait UIInterfaceOrientationLandscapeLeft UIInterfaceOrientationLandscapeRight";
				LD_RUNPATH_SEARCH_PATHS = (
					"$(inherited)",
					"@executable_path/Frameworks",
				);
				MARKETING_VERSION = 1.0;
				PRODUCT_BUNDLE_IDENTIFIER = com.spencer..Markets;
				PRODUCT_NAME = "$(TARGET_NAME)";
				SUPPORTED_PLATFORMS = "iphoneos iphonesimulator";
				SUPPORTS_MACCATALYST = NO;
				SUPPORTS_MAC_DESIGNED_FOR_IPHONE_IPAD = NO;
				SWIFT_EMIT_LOC_STRINGS = YES;
				SWIFT_VERSION = 5.0;
				TARGETED_DEVICE_FAMILY = 1;
			};
			name = Debug;
		};
		B67ECFE62A66AD770052CA79 /* Release */ = {
			isa = XCBuildConfiguration;
			buildSettings = {
				ASSETCATALOG_COMPILER_APPICON_NAME = AppIcon;
				ASSETCATALOG_COMPILER_GLOBAL_ACCENT_COLOR_NAME = AccentColor;
				CODE_SIGN_STYLE = Automatic;
				CURRENT_PROJECT_VERSION = 1;
				DEVELOPMENT_TEAM = 4S5N4DZ3T3;
				GENERATE_INFOPLIST_FILE = YES;
				INFOPLIST_FILE = Markets/Info.plist;
				INFOPLIST_KEY_UIApplicationSupportsIndirectInputEvents = YES;
				INFOPLIST_KEY_UILaunchStoryboardName = LaunchScreen;
				INFOPLIST_KEY_UIMainStoryboardFile = Main;
				INFOPLIST_KEY_UISupportedInterfaceOrientations_iPad = "UIInterfaceOrientationPortrait UIInterfaceOrientationPortraitUpsideDown UIInterfaceOrientationLandscapeLeft UIInterfaceOrientationLandscapeRight";
				INFOPLIST_KEY_UISupportedInterfaceOrientations_iPhone = "UIInterfaceOrientationPortrait UIInterfaceOrientationLandscapeLeft UIInterfaceOrientationLandscapeRight";
				LD_RUNPATH_SEARCH_PATHS = (
					"$(inherited)",
					"@executable_path/Frameworks",
				);
				MARKETING_VERSION = 1.0;
				PRODUCT_BUNDLE_IDENTIFIER = com.spencer..Markets;
				PRODUCT_NAME = "$(TARGET_NAME)";
				SUPPORTED_PLATFORMS = "iphoneos iphonesimulator";
				SUPPORTS_MACCATALYST = NO;
				SUPPORTS_MAC_DESIGNED_FOR_IPHONE_IPAD = NO;
				SWIFT_EMIT_LOC_STRINGS = YES;
				SWIFT_VERSION = 5.0;
				TARGETED_DEVICE_FAMILY = 1;
			};
			name = Release;
		};
/* End XCBuildConfiguration section */

/* Begin XCConfigurationList section */
		B67ECFCB2A66AD760052CA79 /* Build configuration list for PBXProject "Markets" */ = {
			isa = XCConfigurationList;
			buildConfigurations = (
				B67ECFE22A66AD770052CA79 /* Debug */,
				B67ECFE32A66AD770052CA79 /* Release */,
			);
			defaultConfigurationIsVisible = 0;
			defaultConfigurationName = Release;
		};
		B67ECFE42A66AD770052CA79 /* Build configuration list for PBXNativeTarget "Markets" */ = {
			isa = XCConfigurationList;
			buildConfigurations = (
				B67ECFE52A66AD770052CA79 /* Debug */,
				B67ECFE62A66AD770052CA79 /* Release */,
			);
			defaultConfigurationIsVisible = 0;
			defaultConfigurationName = Release;
		};
/* End XCConfigurationList section */
	};
	rootObject = B67ECFC82A66AD760052CA79 /* Project object */;
}
