// !$*UTF8*$!
{
	archiveVersion = 1;
	classes = {
	};
	objectVersion = 56;
	objects = {

/* Begin PBXBuildFile section */
		B60091492A6703C100CCAE26 /* RegisterViewController.swift in Sources */ = {isa = PBXBuildFile; fileRef = B60091482A6703C100CCAE26 /* RegisterViewController.swift */; };
		B60A64682A68476F009EB2F4 /* UIColor.swift in Sources */ = {isa = PBXBuildFile; fileRef = B60A64672A68476F009EB2F4 /* UIColor.swift */; };
		B60A646B2A693176009EB2F4 /* VerifyViewController.swift in Sources */ = {isa = PBXBuildFile; fileRef = B60A646A2A693176009EB2F4 /* VerifyViewController.swift */; };
		B60A646D2A697C3E009EB2F4 /* PhoneVerificationViewController.swift in Sources */ = {isa = PBXBuildFile; fileRef = B60A646C2A697C3E009EB2F4 /* PhoneVerificationViewController.swift */; };
		B67ECFD42A66AD760052CA79 /* AppDelegate.swift in Sources */ = {isa = PBXBuildFile; fileRef = B67ECFD32A66AD760052CA79 /* AppDelegate.swift */; };
		B67ECFD62A66AD760052CA79 /* SceneDelegate.swift in Sources */ = {isa = PBXBuildFile; fileRef = B67ECFD52A66AD760052CA79 /* SceneDelegate.swift */; };
		B67ECFD82A66AD760052CA79 /* ViewController.swift in Sources */ = {isa = PBXBuildFile; fileRef = B67ECFD72A66AD760052CA79 /* ViewController.swift */; };
		B67ECFDB2A66AD760052CA79 /* Main.storyboard in Resources */ = {isa = PBXBuildFile; fileRef = B67ECFD92A66AD760052CA79 /* Main.storyboard */; };
		B67ECFDD2A66AD770052CA79 /* Assets.xcassets in Resources */ = {isa = PBXBuildFile; fileRef = B67ECFDC2A66AD770052CA79 /* Assets.xcassets */; };
		B67ECFE02A66AD770052CA79 /* LaunchScreen.storyboard in Resources */ = {isa = PBXBuildFile; fileRef = B67ECFDE2A66AD770052CA79 /* LaunchScreen.storyboard */; };
		B67ECFEC2A66AFAA0052CA79 /* LoginViewController.swift in Sources */ = {isa = PBXBuildFile; fileRef = B67ECFEB2A66AFAA0052CA79 /* LoginViewController.swift */; };
		B685EC942A7E9F2E007E5A4B /* ConfirmPurchaseViewController.swift in Sources */ = {isa = PBXBuildFile; fileRef = B685EC932A7E9F2E007E5A4B /* ConfirmPurchaseViewController.swift */; };
		B685EC962A7FFCAF007E5A4B /* SuccessfullBidViewController.swift in Sources */ = {isa = PBXBuildFile; fileRef = B685EC952A7FFCAF007E5A4B /* SuccessfullBidViewController.swift */; };
		B685EC9A2A80DF70007E5A4B /* StatCell.swift in Sources */ = {isa = PBXBuildFile; fileRef = B685EC982A80DF70007E5A4B /* StatCell.swift */; };
		B685EC9B2A80DF70007E5A4B /* StatCell.xib in Resources */ = {isa = PBXBuildFile; fileRef = B685EC992A80DF70007E5A4B /* StatCell.xib */; };
		B685EC9E2A80ED6B007E5A4B /* StatsHomeViewController.swift in Sources */ = {isa = PBXBuildFile; fileRef = B685EC9D2A80ED6B007E5A4B /* StatsHomeViewController.swift */; };
		B685ECA02A80EECC007E5A4B /* RankingsViewController.swift in Sources */ = {isa = PBXBuildFile; fileRef = B685EC9F2A80EECC007E5A4B /* RankingsViewController.swift */; };
		B685ECA22A80EEDC007E5A4B /* ActivityViewController.swift in Sources */ = {isa = PBXBuildFile; fileRef = B685ECA12A80EEDC007E5A4B /* ActivityViewController.swift */; };
		B685ECA42A80FEAC007E5A4B /* StatData.swift in Sources */ = {isa = PBXBuildFile; fileRef = B685ECA32A80FEAC007E5A4B /* StatData.swift */; };
		B685ECA82A8104F9007E5A4B /* ActivityCell.swift in Sources */ = {isa = PBXBuildFile; fileRef = B685ECA62A8104F9007E5A4B /* ActivityCell.swift */; };
		B685ECA92A8104F9007E5A4B /* ActivityCell.xib in Resources */ = {isa = PBXBuildFile; fileRef = B685ECA72A8104F9007E5A4B /* ActivityCell.xib */; };
		B685ECAB2A8108F1007E5A4B /* ActivityData.swift in Sources */ = {isa = PBXBuildFile; fileRef = B685ECAA2A8108F1007E5A4B /* ActivityData.swift */; };
		B685ECAF2A823514007E5A4B /* RecentSearchCell.swift in Sources */ = {isa = PBXBuildFile; fileRef = B685ECAD2A823514007E5A4B /* RecentSearchCell.swift */; };
		B685ECB02A823514007E5A4B /* RecentSearchCell.xib in Resources */ = {isa = PBXBuildFile; fileRef = B685ECAE2A823514007E5A4B /* RecentSearchCell.xib */; };
		B685ECB22A823605007E5A4B /* Category.swift in Sources */ = {isa = PBXBuildFile; fileRef = B685ECB12A823605007E5A4B /* Category.swift */; };
		B685ECB62A8236DC007E5A4B /* CollectionCell.swift in Sources */ = {isa = PBXBuildFile; fileRef = B685ECB42A8236DC007E5A4B /* CollectionCell.swift */; };
		B685ECB72A8236DC007E5A4B /* CollectionCell.xib in Resources */ = {isa = PBXBuildFile; fileRef = B685ECB52A8236DC007E5A4B /* CollectionCell.xib */; };
		B685ECB92A823A8E007E5A4B /* CollectionData.swift in Sources */ = {isa = PBXBuildFile; fileRef = B685ECB82A823A8E007E5A4B /* CollectionData.swift */; };
		B685ECBC2A823E38007E5A4B /* SearchViewController.swift in Sources */ = {isa = PBXBuildFile; fileRef = B685ECBB2A823E38007E5A4B /* SearchViewController.swift */; };
		B685ECC02A826901007E5A4B /* CategoryHeaderView.swift in Sources */ = {isa = PBXBuildFile; fileRef = B685ECBE2A826901007E5A4B /* CategoryHeaderView.swift */; };
		B685ECC12A826901007E5A4B /* CategoryHeaderView.xib in Resources */ = {isa = PBXBuildFile; fileRef = B685ECBF2A826901007E5A4B /* CategoryHeaderView.xib */; };
		B685ECC52A826994007E5A4B /* TrendingCollectionView.swift in Sources */ = {isa = PBXBuildFile; fileRef = B685ECC32A826994007E5A4B /* TrendingCollectionView.swift */; };
		B685ECC62A826994007E5A4B /* TrendingCollectionView.xib in Resources */ = {isa = PBXBuildFile; fileRef = B685ECC42A826994007E5A4B /* TrendingCollectionView.xib */; };
		B685ECC92A839704007E5A4B /* SettingsViewController.swift in Sources */ = {isa = PBXBuildFile; fileRef = B685ECC82A839704007E5A4B /* SettingsViewController.swift */; };
		B685ECCB2A83DA42007E5A4B /* AccountViewController.swift in Sources */ = {isa = PBXBuildFile; fileRef = B685ECCA2A83DA42007E5A4B /* AccountViewController.swift */; };
		B685ECCD2A83E1B9007E5A4B /* SecurityViewController.swift in Sources */ = {isa = PBXBuildFile; fileRef = B685ECCC2A83E1B9007E5A4B /* SecurityViewController.swift */; };
		B685ECCF2A83EDBA007E5A4B /* NotificationViewController.swift in Sources */ = {isa = PBXBuildFile; fileRef = B685ECCE2A83EDBA007E5A4B /* NotificationViewController.swift */; };
		B685ECD12A844158007E5A4B /* BillingViewController.swift in Sources */ = {isa = PBXBuildFile; fileRef = B685ECD02A844158007E5A4B /* BillingViewController.swift */; };
		B6C364B12A88E4BA004B4478 /* Input.swift in Sources */ = {isa = PBXBuildFile; fileRef = B6C364B02A88E4BA004B4478 /* Input.swift */; };
		B6C364B72A8BD965004B4478 /* LoginViewModel.swift in Sources */ = {isa = PBXBuildFile; fileRef = B6C364B62A8BD965004B4478 /* LoginViewModel.swift */; };
		B6C364BA2A8E15A4004B4478 /* WalletService.swift in Sources */ = {isa = PBXBuildFile; fileRef = B6C364B92A8E15A4004B4478 /* WalletService.swift */; };
		B6C364BC2A8E15AF004B4478 /* NftService.swift in Sources */ = {isa = PBXBuildFile; fileRef = B6C364BB2A8E15AF004B4478 /* NftService.swift */; };
		B6C364BE2A8E15B9004B4478 /* SearchService.swift in Sources */ = {isa = PBXBuildFile; fileRef = B6C364BD2A8E15B9004B4478 /* SearchService.swift */; };
		B6C364C02A8E15C6004B4478 /* StatsService.swift in Sources */ = {isa = PBXBuildFile; fileRef = B6C364BF2A8E15C6004B4478 /* StatsService.swift */; };
		B6C364C32A8E1837004B4478 /* AssetsViewModel.swift in Sources */ = {isa = PBXBuildFile; fileRef = B6C364C22A8E1837004B4478 /* AssetsViewModel.swift */; };
		B6C364C62A8E2CE4004B4478 /* WalletManageViewModel.swift in Sources */ = {isa = PBXBuildFile; fileRef = B6C364C52A8E2CE4004B4478 /* WalletManageViewModel.swift */; };
		B6FC015C2A699A7800BD56D9 /* EmailViewController.swift in Sources */ = {isa = PBXBuildFile; fileRef = B6FC015B2A699A7800BD56D9 /* EmailViewController.swift */; };
		B6FC015E2A699A8400BD56D9 /* ResetPasswordViewController.swift in Sources */ = {isa = PBXBuildFile; fileRef = B6FC015D2A699A8400BD56D9 /* ResetPasswordViewController.swift */; };
		B6FC01612A6C773000BD56D9 /* OnBoardingViewController.swift in Sources */ = {isa = PBXBuildFile; fileRef = B6FC01602A6C773000BD56D9 /* OnBoardingViewController.swift */; };
		B6FC01632A6C79CE00BD56D9 /* RectanglePageControl.swift in Sources */ = {isa = PBXBuildFile; fileRef = B6FC01622A6C79CE00BD56D9 /* RectanglePageControl.swift */; };
		B6FC01672A6C7CB900BD56D9 /* Slide.swift in Sources */ = {isa = PBXBuildFile; fileRef = B6FC01662A6C7CB900BD56D9 /* Slide.swift */; };
		B6FC01692A6C7CD400BD56D9 /* Slide.xib in Resources */ = {isa = PBXBuildFile; fileRef = B6FC01682A6C7CD400BD56D9 /* Slide.xib */; };
		B6FC016B2A6C833100BD56D9 /* SlideData.swift in Sources */ = {isa = PBXBuildFile; fileRef = B6FC016A2A6C833100BD56D9 /* SlideData.swift */; };
		B6FC016D2A6D502C00BD56D9 /* Wallet.storyboard in Resources */ = {isa = PBXBuildFile; fileRef = B6FC016C2A6D502C00BD56D9 /* Wallet.storyboard */; };
		B6FC016F2A6D504C00BD56D9 /* Dex.storyboard in Resources */ = {isa = PBXBuildFile; fileRef = B6FC016E2A6D504C00BD56D9 /* Dex.storyboard */; };
		B6FC01712A6D506000BD56D9 /* Nft.storyboard in Resources */ = {isa = PBXBuildFile; fileRef = B6FC01702A6D506000BD56D9 /* Nft.storyboard */; };
		B6FC01732A6D506E00BD56D9 /* Stats.storyboard in Resources */ = {isa = PBXBuildFile; fileRef = B6FC01722A6D506E00BD56D9 /* Stats.storyboard */; };
		B6FC01752A6D507D00BD56D9 /* Profile.storyboard in Resources */ = {isa = PBXBuildFile; fileRef = B6FC01742A6D507D00BD56D9 /* Profile.storyboard */; };
		B6FC01782A6D53A500BD56D9 /* HomeTabViewController.swift in Sources */ = {isa = PBXBuildFile; fileRef = B6FC01772A6D53A500BD56D9 /* HomeTabViewController.swift */; };
		B6FC017B2A6EE88600BD56D9 /* MenuTabsView.swift in Sources */ = {isa = PBXBuildFile; fileRef = B6FC017A2A6EE88600BD56D9 /* MenuTabsView.swift */; };
		B6FC017D2A6FCFF600BD56D9 /* UIView.swift in Sources */ = {isa = PBXBuildFile; fileRef = B6FC017C2A6FCFF600BD56D9 /* UIView.swift */; };
		B6FC01822A70881B00BD56D9 /* WalletViewController.swift in Sources */ = {isa = PBXBuildFile; fileRef = B6FC01812A70881B00BD56D9 /* WalletViewController.swift */; };
		B6FC01842A708A7E00BD56D9 /* AssetsViewController.swift in Sources */ = {isa = PBXBuildFile; fileRef = B6FC01832A708A7E00BD56D9 /* AssetsViewController.swift */; };
		B6FC01862A708C7A00BD56D9 /* PagerViewController.swift in Sources */ = {isa = PBXBuildFile; fileRef = B6FC01852A708C7A00BD56D9 /* PagerViewController.swift */; };
		B6FC01932A71164E00BD56D9 /* TabCell.swift in Sources */ = {isa = PBXBuildFile; fileRef = B6FC01912A71164E00BD56D9 /* TabCell.swift */; };
		B6FC01942A71164E00BD56D9 /* TabCell.xib in Resources */ = {isa = PBXBuildFile; fileRef = B6FC01922A71164E00BD56D9 /* TabCell.xib */; };
		B6FC019B2A713C6400BD56D9 /* AssetData.swift in Sources */ = {isa = PBXBuildFile; fileRef = B6FC019A2A713C6400BD56D9 /* AssetData.swift */; };
		B6FC019E2A7140FA00BD56D9 /* AssetCell.swift in Sources */ = {isa = PBXBuildFile; fileRef = B6FC019C2A7140FA00BD56D9 /* AssetCell.swift */; };
		B6FC019F2A7140FA00BD56D9 /* AssetCell.xib in Resources */ = {isa = PBXBuildFile; fileRef = B6FC019D2A7140FA00BD56D9 /* AssetCell.xib */; };
		B6FC01A22A71753E00BD56D9 /* NFTViewController.swift in Sources */ = {isa = PBXBuildFile; fileRef = B6FC01A12A71753E00BD56D9 /* NFTViewController.swift */; };
		B6FC01A42A71754E00BD56D9 /* DeFiViewController.swift in Sources */ = {isa = PBXBuildFile; fileRef = B6FC01A32A71754E00BD56D9 /* DeFiViewController.swift */; };
		B6FC01A62A72843A00BD56D9 /* PagerPageViewController.swift in Sources */ = {isa = PBXBuildFile; fileRef = B6FC01A52A72843A00BD56D9 /* PagerPageViewController.swift */; };
		B6FC01A82A72849400BD56D9 /* SlideViewController.swift in Sources */ = {isa = PBXBuildFile; fileRef = B6FC01A72A72849400BD56D9 /* SlideViewController.swift */; };
		B6FC01AA2A72B65D00BD56D9 /* WalletManageViewController.swift in Sources */ = {isa = PBXBuildFile; fileRef = B6FC01A92A72B65D00BD56D9 /* WalletManageViewController.swift */; };
		B6FC01AE2A72BA2500BD56D9 /* WalletTypeCell.swift in Sources */ = {isa = PBXBuildFile; fileRef = B6FC01AC2A72BA2500BD56D9 /* WalletTypeCell.swift */; };
		B6FC01AF2A72BA2500BD56D9 /* WalletTypeCell.xib in Resources */ = {isa = PBXBuildFile; fileRef = B6FC01AD2A72BA2500BD56D9 /* WalletTypeCell.xib */; };
		B6FC01B12A72D08900BD56D9 /* WalletTypeData.swift in Sources */ = {isa = PBXBuildFile; fileRef = B6FC01B02A72D08900BD56D9 /* WalletTypeData.swift */; };
		B6FC01B32A73B25D00BD56D9 /* AddWalletViewController.swift in Sources */ = {isa = PBXBuildFile; fileRef = B6FC01B22A73B25D00BD56D9 /* AddWalletViewController.swift */; };
		B6FC01B52A73C92600BD56D9 /* NSMutableAttributedString.swift in Sources */ = {isa = PBXBuildFile; fileRef = B6FC01B42A73C92600BD56D9 /* NSMutableAttributedString.swift */; };
		B6FC01B72A75293000BD56D9 /* UITapGestureRecognizer.swift in Sources */ = {isa = PBXBuildFile; fileRef = B6FC01B62A75293000BD56D9 /* UITapGestureRecognizer.swift */; };
		B6FC01B92A75351400BD56D9 /* TermServiceViewController.swift in Sources */ = {isa = PBXBuildFile; fileRef = B6FC01B82A75351400BD56D9 /* TermServiceViewController.swift */; };
		B6FC01BB2A7545E600BD56D9 /* PrivacyViewController.swift in Sources */ = {isa = PBXBuildFile; fileRef = B6FC01BA2A7545E600BD56D9 /* PrivacyViewController.swift */; };
		B6FC01BE2A77B81D00BD56D9 /* NftHomeViewController.swift in Sources */ = {isa = PBXBuildFile; fileRef = B6FC01BD2A77B81D00BD56D9 /* NftHomeViewController.swift */; };
		B6FC01C12A77BDD000BD56D9 /* PopularNftViewController.swift in Sources */ = {isa = PBXBuildFile; fileRef = B6FC01C02A77BDD000BD56D9 /* PopularNftViewController.swift */; };
		B6FC01C32A77BDE100BD56D9 /* MarketNftViewController.swift in Sources */ = {isa = PBXBuildFile; fileRef = B6FC01C22A77BDE100BD56D9 /* MarketNftViewController.swift */; };
		B6FC01C52A77BDF700BD56D9 /* PrimaryNftViewController.swift in Sources */ = {isa = PBXBuildFile; fileRef = B6FC01C42A77BDF700BD56D9 /* PrimaryNftViewController.swift */; };
		B6FC01C92A77E9FD00BD56D9 /* TitleTabCell.swift in Sources */ = {isa = PBXBuildFile; fileRef = B6FC01C72A77E9FD00BD56D9 /* TitleTabCell.swift */; };
		B6FC01CA2A77E9FD00BD56D9 /* TitleTabCell.xib in Resources */ = {isa = PBXBuildFile; fileRef = B6FC01C82A77E9FD00BD56D9 /* TitleTabCell.xib */; };
		B6FC01CC2A77EBEF00BD56D9 /* MenuTitleTabView.swift in Sources */ = {isa = PBXBuildFile; fileRef = B6FC01CB2A77EBEF00BD56D9 /* MenuTitleTabView.swift */; };
		B6FC01D12A78099B00BD56D9 /* NftGridCell.swift in Sources */ = {isa = PBXBuildFile; fileRef = B6FC01CF2A78099B00BD56D9 /* NftGridCell.swift */; };
		B6FC01D22A78099B00BD56D9 /* NftGridCell.xib in Resources */ = {isa = PBXBuildFile; fileRef = B6FC01D02A78099B00BD56D9 /* NftGridCell.xib */; };
		B6FC01D42A780A6700BD56D9 /* NftData.swift in Sources */ = {isa = PBXBuildFile; fileRef = B6FC01D32A780A6700BD56D9 /* NftData.swift */; };
		B6FC01D72A79CAB000BD56D9 /* DisplayType.swift in Sources */ = {isa = PBXBuildFile; fileRef = B6FC01D62A79CAB000BD56D9 /* DisplayType.swift */; };
		B6FC01DB2A7A871200BD56D9 /* NftListCell.swift in Sources */ = {isa = PBXBuildFile; fileRef = B6FC01D92A7A871200BD56D9 /* NftListCell.swift */; };
		B6FC01DC2A7A871200BD56D9 /* NftListCell.xib in Resources */ = {isa = PBXBuildFile; fileRef = B6FC01DA2A7A871200BD56D9 /* NftListCell.xib */; };
		B6FC01E02A7AB87000BD56D9 /* PopularNftCell.swift in Sources */ = {isa = PBXBuildFile; fileRef = B6FC01DE2A7AB87000BD56D9 /* PopularNftCell.swift */; };
		B6FC01E12A7AB87000BD56D9 /* PopularNftCell.xib in Resources */ = {isa = PBXBuildFile; fileRef = B6FC01DF2A7AB87000BD56D9 /* PopularNftCell.xib */; };
		B6FC01E52A7ABF4100BD56D9 /* NftCollectionCell.swift in Sources */ = {isa = PBXBuildFile; fileRef = B6FC01E32A7ABF4100BD56D9 /* NftCollectionCell.swift */; };
		B6FC01E62A7ABF4100BD56D9 /* NftCollectionCell.xib in Resources */ = {isa = PBXBuildFile; fileRef = B6FC01E42A7ABF4100BD56D9 /* NftCollectionCell.xib */; };
		B6FC01EA2A7B127800BD56D9 /* CollectionHeaderView.swift in Sources */ = {isa = PBXBuildFile; fileRef = B6FC01E82A7B127800BD56D9 /* CollectionHeaderView.swift */; };
		B6FC01EB2A7B127800BD56D9 /* CollectionHeaderView.xib in Resources */ = {isa = PBXBuildFile; fileRef = B6FC01E92A7B127800BD56D9 /* CollectionHeaderView.xib */; };
		B6FC01ED2A7D0A1500BD56D9 /* DetailsAssetViewController.swift in Sources */ = {isa = PBXBuildFile; fileRef = B6FC01EC2A7D0A1500BD56D9 /* DetailsAssetViewController.swift */; };
/* End PBXBuildFile section */

/* Begin PBXFileReference section */
		B60091482A6703C100CCAE26 /* RegisterViewController.swift */ = {isa = PBXFileReference; lastKnownFileType = sourcecode.swift; path = RegisterViewController.swift; sourceTree = "<group>"; };
		B60A64672A68476F009EB2F4 /* UIColor.swift */ = {isa = PBXFileReference; lastKnownFileType = sourcecode.swift; path = UIColor.swift; sourceTree = "<group>"; };
		B60A646A2A693176009EB2F4 /* VerifyViewController.swift */ = {isa = PBXFileReference; lastKnownFileType = sourcecode.swift; path = VerifyViewController.swift; sourceTree = "<group>"; };
		B60A646C2A697C3E009EB2F4 /* PhoneVerificationViewController.swift */ = {isa = PBXFileReference; lastKnownFileType = sourcecode.swift; path = PhoneVerificationViewController.swift; sourceTree = "<group>"; };
		B67ECFD02A66AD760052CA79 /* Markets.app */ = {isa = PBXFileReference; explicitFileType = wrapper.application; includeInIndex = 0; path = Markets.app; sourceTree = BUILT_PRODUCTS_DIR; };
		B67ECFD32A66AD760052CA79 /* AppDelegate.swift */ = {isa = PBXFileReference; lastKnownFileType = sourcecode.swift; path = AppDelegate.swift; sourceTree = "<group>"; };
		B67ECFD52A66AD760052CA79 /* SceneDelegate.swift */ = {isa = PBXFileReference; lastKnownFileType = sourcecode.swift; path = SceneDelegate.swift; sourceTree = "<group>"; };
		B67ECFD72A66AD760052CA79 /* ViewController.swift */ = {isa = PBXFileReference; lastKnownFileType = sourcecode.swift; path = ViewController.swift; sourceTree = "<group>"; };
		B67ECFDA2A66AD760052CA79 /* Base */ = {isa = PBXFileReference; lastKnownFileType = file.storyboard; name = Base; path = Base.lproj/Main.storyboard; sourceTree = "<group>"; };
		B67ECFDC2A66AD770052CA79 /* Assets.xcassets */ = {isa = PBXFileReference; lastKnownFileType = folder.assetcatalog; path = Assets.xcassets; sourceTree = "<group>"; };
		B67ECFDF2A66AD770052CA79 /* Base */ = {isa = PBXFileReference; lastKnownFileType = file.storyboard; name = Base; path = Base.lproj/LaunchScreen.storyboard; sourceTree = "<group>"; };
		B67ECFE12A66AD770052CA79 /* Info.plist */ = {isa = PBXFileReference; lastKnownFileType = text.plist.xml; path = Info.plist; sourceTree = "<group>"; };
		B67ECFEB2A66AFAA0052CA79 /* LoginViewController.swift */ = {isa = PBXFileReference; lastKnownFileType = sourcecode.swift; path = LoginViewController.swift; sourceTree = "<group>"; };
		B685EC932A7E9F2E007E5A4B /* ConfirmPurchaseViewController.swift */ = {isa = PBXFileReference; lastKnownFileType = sourcecode.swift; path = ConfirmPurchaseViewController.swift; sourceTree = "<group>"; };
		B685EC952A7FFCAF007E5A4B /* SuccessfullBidViewController.swift */ = {isa = PBXFileReference; lastKnownFileType = sourcecode.swift; path = SuccessfullBidViewController.swift; sourceTree = "<group>"; };
		B685EC982A80DF70007E5A4B /* StatCell.swift */ = {isa = PBXFileReference; lastKnownFileType = sourcecode.swift; path = StatCell.swift; sourceTree = "<group>"; };
		B685EC992A80DF70007E5A4B /* StatCell.xib */ = {isa = PBXFileReference; lastKnownFileType = file.xib; path = StatCell.xib; sourceTree = "<group>"; };
		B685EC9D2A80ED6B007E5A4B /* StatsHomeViewController.swift */ = {isa = PBXFileReference; lastKnownFileType = sourcecode.swift; path = StatsHomeViewController.swift; sourceTree = "<group>"; };
		B685EC9F2A80EECC007E5A4B /* RankingsViewController.swift */ = {isa = PBXFileReference; lastKnownFileType = sourcecode.swift; path = RankingsViewController.swift; sourceTree = "<group>"; };
		B685ECA12A80EEDC007E5A4B /* ActivityViewController.swift */ = {isa = PBXFileReference; lastKnownFileType = sourcecode.swift; path = ActivityViewController.swift; sourceTree = "<group>"; };
		B685ECA32A80FEAC007E5A4B /* StatData.swift */ = {isa = PBXFileReference; lastKnownFileType = sourcecode.swift; path = StatData.swift; sourceTree = "<group>"; };
		B685ECA62A8104F9007E5A4B /* ActivityCell.swift */ = {isa = PBXFileReference; lastKnownFileType = sourcecode.swift; path = ActivityCell.swift; sourceTree = "<group>"; };
		B685ECA72A8104F9007E5A4B /* ActivityCell.xib */ = {isa = PBXFileReference; lastKnownFileType = file.xib; path = ActivityCell.xib; sourceTree = "<group>"; };
		B685ECAA2A8108F1007E5A4B /* ActivityData.swift */ = {isa = PBXFileReference; lastKnownFileType = sourcecode.swift; path = ActivityData.swift; sourceTree = "<group>"; };
		B685ECAD2A823514007E5A4B /* RecentSearchCell.swift */ = {isa = PBXFileReference; lastKnownFileType = sourcecode.swift; path = RecentSearchCell.swift; sourceTree = "<group>"; };
		B685ECAE2A823514007E5A4B /* RecentSearchCell.xib */ = {isa = PBXFileReference; lastKnownFileType = file.xib; path = RecentSearchCell.xib; sourceTree = "<group>"; };
		B685ECB12A823605007E5A4B /* Category.swift */ = {isa = PBXFileReference; lastKnownFileType = sourcecode.swift; path = Category.swift; sourceTree = "<group>"; };
		B685ECB42A8236DC007E5A4B /* CollectionCell.swift */ = {isa = PBXFileReference; lastKnownFileType = sourcecode.swift; path = CollectionCell.swift; sourceTree = "<group>"; };
		B685ECB52A8236DC007E5A4B /* CollectionCell.xib */ = {isa = PBXFileReference; lastKnownFileType = file.xib; path = CollectionCell.xib; sourceTree = "<group>"; };
		B685ECB82A823A8E007E5A4B /* CollectionData.swift */ = {isa = PBXFileReference; lastKnownFileType = sourcecode.swift; path = CollectionData.swift; sourceTree = "<group>"; };
		B685ECBB2A823E38007E5A4B /* SearchViewController.swift */ = {isa = PBXFileReference; lastKnownFileType = sourcecode.swift; path = SearchViewController.swift; sourceTree = "<group>"; };
		B685ECBE2A826901007E5A4B /* CategoryHeaderView.swift */ = {isa = PBXFileReference; lastKnownFileType = sourcecode.swift; path = CategoryHeaderView.swift; sourceTree = "<group>"; };
		B685ECBF2A826901007E5A4B /* CategoryHeaderView.xib */ = {isa = PBXFileReference; lastKnownFileType = file.xib; path = CategoryHeaderView.xib; sourceTree = "<group>"; };
		B685ECC32A826994007E5A4B /* TrendingCollectionView.swift */ = {isa = PBXFileReference; lastKnownFileType = sourcecode.swift; path = TrendingCollectionView.swift; sourceTree = "<group>"; };
		B685ECC42A826994007E5A4B /* TrendingCollectionView.xib */ = {isa = PBXFileReference; lastKnownFileType = file.xib; path = TrendingCollectionView.xib; sourceTree = "<group>"; };
		B685ECC82A839704007E5A4B /* SettingsViewController.swift */ = {isa = PBXFileReference; lastKnownFileType = sourcecode.swift; path = SettingsViewController.swift; sourceTree = "<group>"; };
		B685ECCA2A83DA42007E5A4B /* AccountViewController.swift */ = {isa = PBXFileReference; lastKnownFileType = sourcecode.swift; path = AccountViewController.swift; sourceTree = "<group>"; };
		B685ECCC2A83E1B9007E5A4B /* SecurityViewController.swift */ = {isa = PBXFileReference; lastKnownFileType = sourcecode.swift; path = SecurityViewController.swift; sourceTree = "<group>"; };
		B685ECCE2A83EDBA007E5A4B /* NotificationViewController.swift */ = {isa = PBXFileReference; lastKnownFileType = sourcecode.swift; path = NotificationViewController.swift; sourceTree = "<group>"; };
		B685ECD02A844158007E5A4B /* BillingViewController.swift */ = {isa = PBXFileReference; lastKnownFileType = sourcecode.swift; path = BillingViewController.swift; sourceTree = "<group>"; };
		B6C364B02A88E4BA004B4478 /* Input.swift */ = {isa = PBXFileReference; lastKnownFileType = sourcecode.swift; path = Input.swift; sourceTree = "<group>"; };
		B6C364B62A8BD965004B4478 /* LoginViewModel.swift */ = {isa = PBXFileReference; lastKnownFileType = sourcecode.swift; path = LoginViewModel.swift; sourceTree = "<group>"; };
		B6C364B92A8E15A4004B4478 /* WalletService.swift */ = {isa = PBXFileReference; lastKnownFileType = sourcecode.swift; path = WalletService.swift; sourceTree = "<group>"; };
		B6C364BB2A8E15AF004B4478 /* NftService.swift */ = {isa = PBXFileReference; lastKnownFileType = sourcecode.swift; path = NftService.swift; sourceTree = "<group>"; };
		B6C364BD2A8E15B9004B4478 /* SearchService.swift */ = {isa = PBXFileReference; lastKnownFileType = sourcecode.swift; path = SearchService.swift; sourceTree = "<group>"; };
		B6C364BF2A8E15C6004B4478 /* StatsService.swift */ = {isa = PBXFileReference; lastKnownFileType = sourcecode.swift; path = StatsService.swift; sourceTree = "<group>"; };
		B6C364C22A8E1837004B4478 /* AssetsViewModel.swift */ = {isa = PBXFileReference; lastKnownFileType = sourcecode.swift; path = AssetsViewModel.swift; sourceTree = "<group>"; };
		B6C364C52A8E2CE4004B4478 /* WalletManageViewModel.swift */ = {isa = PBXFileReference; lastKnownFileType = sourcecode.swift; path = WalletManageViewModel.swift; sourceTree = "<group>"; };
		B6FC015B2A699A7800BD56D9 /* EmailViewController.swift */ = {isa = PBXFileReference; lastKnownFileType = sourcecode.swift; path = EmailViewController.swift; sourceTree = "<group>"; };
		B6FC015D2A699A8400BD56D9 /* ResetPasswordViewController.swift */ = {isa = PBXFileReference; lastKnownFileType = sourcecode.swift; path = ResetPasswordViewController.swift; sourceTree = "<group>"; };
		B6FC01602A6C773000BD56D9 /* OnBoardingViewController.swift */ = {isa = PBXFileReference; lastKnownFileType = sourcecode.swift; path = OnBoardingViewController.swift; sourceTree = "<group>"; };
		B6FC01622A6C79CE00BD56D9 /* RectanglePageControl.swift */ = {isa = PBXFileReference; lastKnownFileType = sourcecode.swift; path = RectanglePageControl.swift; sourceTree = "<group>"; };
		B6FC01662A6C7CB900BD56D9 /* Slide.swift */ = {isa = PBXFileReference; lastKnownFileType = sourcecode.swift; path = Slide.swift; sourceTree = "<group>"; };
		B6FC01682A6C7CD400BD56D9 /* Slide.xib */ = {isa = PBXFileReference; lastKnownFileType = file.xib; path = Slide.xib; sourceTree = "<group>"; };
		B6FC016A2A6C833100BD56D9 /* SlideData.swift */ = {isa = PBXFileReference; lastKnownFileType = sourcecode.swift; path = SlideData.swift; sourceTree = "<group>"; };
		B6FC016C2A6D502C00BD56D9 /* Wallet.storyboard */ = {isa = PBXFileReference; lastKnownFileType = file.storyboard; path = Wallet.storyboard; sourceTree = "<group>"; };
		B6FC016E2A6D504C00BD56D9 /* Dex.storyboard */ = {isa = PBXFileReference; lastKnownFileType = file.storyboard; path = Dex.storyboard; sourceTree = "<group>"; };
		B6FC01702A6D506000BD56D9 /* Nft.storyboard */ = {isa = PBXFileReference; lastKnownFileType = file.storyboard; path = Nft.storyboard; sourceTree = "<group>"; };
		B6FC01722A6D506E00BD56D9 /* Stats.storyboard */ = {isa = PBXFileReference; lastKnownFileType = file.storyboard; path = Stats.storyboard; sourceTree = "<group>"; };
		B6FC01742A6D507D00BD56D9 /* Profile.storyboard */ = {isa = PBXFileReference; lastKnownFileType = file.storyboard; path = Profile.storyboard; sourceTree = "<group>"; };
		B6FC01772A6D53A500BD56D9 /* HomeTabViewController.swift */ = {isa = PBXFileReference; lastKnownFileType = sourcecode.swift; path = HomeTabViewController.swift; sourceTree = "<group>"; };
		B6FC017A2A6EE88600BD56D9 /* MenuTabsView.swift */ = {isa = PBXFileReference; lastKnownFileType = sourcecode.swift; path = MenuTabsView.swift; sourceTree = "<group>"; };
		B6FC017C2A6FCFF600BD56D9 /* UIView.swift */ = {isa = PBXFileReference; lastKnownFileType = sourcecode.swift; path = UIView.swift; sourceTree = "<group>"; };
		B6FC01812A70881B00BD56D9 /* WalletViewController.swift */ = {isa = PBXFileReference; lastKnownFileType = sourcecode.swift; path = WalletViewController.swift; sourceTree = "<group>"; };
		B6FC01832A708A7E00BD56D9 /* AssetsViewController.swift */ = {isa = PBXFileReference; lastKnownFileType = sourcecode.swift; path = AssetsViewController.swift; sourceTree = "<group>"; };
		B6FC01852A708C7A00BD56D9 /* PagerViewController.swift */ = {isa = PBXFileReference; lastKnownFileType = sourcecode.swift; path = PagerViewController.swift; sourceTree = "<group>"; };
		B6FC01912A71164E00BD56D9 /* TabCell.swift */ = {isa = PBXFileReference; lastKnownFileType = sourcecode.swift; path = TabCell.swift; sourceTree = "<group>"; };
		B6FC01922A71164E00BD56D9 /* TabCell.xib */ = {isa = PBXFileReference; lastKnownFileType = file.xib; path = TabCell.xib; sourceTree = "<group>"; };
		B6FC019A2A713C6400BD56D9 /* AssetData.swift */ = {isa = PBXFileReference; lastKnownFileType = sourcecode.swift; path = AssetData.swift; sourceTree = "<group>"; };
		B6FC019C2A7140FA00BD56D9 /* AssetCell.swift */ = {isa = PBXFileReference; lastKnownFileType = sourcecode.swift; path = AssetCell.swift; sourceTree = "<group>"; };
		B6FC019D2A7140FA00BD56D9 /* AssetCell.xib */ = {isa = PBXFileReference; lastKnownFileType = file.xib; path = AssetCell.xib; sourceTree = "<group>"; };
		B6FC01A12A71753E00BD56D9 /* NFTViewController.swift */ = {isa = PBXFileReference; lastKnownFileType = sourcecode.swift; path = NFTViewController.swift; sourceTree = "<group>"; };
		B6FC01A32A71754E00BD56D9 /* DeFiViewController.swift */ = {isa = PBXFileReference; lastKnownFileType = sourcecode.swift; path = DeFiViewController.swift; sourceTree = "<group>"; };
		B6FC01A52A72843A00BD56D9 /* PagerPageViewController.swift */ = {isa = PBXFileReference; lastKnownFileType = sourcecode.swift; path = PagerPageViewController.swift; sourceTree = "<group>"; };
		B6FC01A72A72849400BD56D9 /* SlideViewController.swift */ = {isa = PBXFileReference; lastKnownFileType = sourcecode.swift; path = SlideViewController.swift; sourceTree = "<group>"; };
		B6FC01A92A72B65D00BD56D9 /* WalletManageViewController.swift */ = {isa = PBXFileReference; lastKnownFileType = sourcecode.swift; path = WalletManageViewController.swift; sourceTree = "<group>"; };
		B6FC01AC2A72BA2500BD56D9 /* WalletTypeCell.swift */ = {isa = PBXFileReference; lastKnownFileType = sourcecode.swift; path = WalletTypeCell.swift; sourceTree = "<group>"; };
		B6FC01AD2A72BA2500BD56D9 /* WalletTypeCell.xib */ = {isa = PBXFileReference; lastKnownFileType = file.xib; path = WalletTypeCell.xib; sourceTree = "<group>"; };
		B6FC01B02A72D08900BD56D9 /* WalletTypeData.swift */ = {isa = PBXFileReference; lastKnownFileType = sourcecode.swift; path = WalletTypeData.swift; sourceTree = "<group>"; };
		B6FC01B22A73B25D00BD56D9 /* AddWalletViewController.swift */ = {isa = PBXFileReference; lastKnownFileType = sourcecode.swift; path = AddWalletViewController.swift; sourceTree = "<group>"; };
		B6FC01B42A73C92600BD56D9 /* NSMutableAttributedString.swift */ = {isa = PBXFileReference; lastKnownFileType = sourcecode.swift; path = NSMutableAttributedString.swift; sourceTree = "<group>"; };
		B6FC01B62A75293000BD56D9 /* UITapGestureRecognizer.swift */ = {isa = PBXFileReference; lastKnownFileType = sourcecode.swift; path = UITapGestureRecognizer.swift; sourceTree = "<group>"; };
		B6FC01B82A75351400BD56D9 /* TermServiceViewController.swift */ = {isa = PBXFileReference; lastKnownFileType = sourcecode.swift; path = TermServiceViewController.swift; sourceTree = "<group>"; };
		B6FC01BA2A7545E600BD56D9 /* PrivacyViewController.swift */ = {isa = PBXFileReference; lastKnownFileType = sourcecode.swift; path = PrivacyViewController.swift; sourceTree = "<group>"; };
		B6FC01BD2A77B81D00BD56D9 /* NftHomeViewController.swift */ = {isa = PBXFileReference; lastKnownFileType = sourcecode.swift; path = NftHomeViewController.swift; sourceTree = "<group>"; };
		B6FC01C02A77BDD000BD56D9 /* PopularNftViewController.swift */ = {isa = PBXFileReference; lastKnownFileType = sourcecode.swift; path = PopularNftViewController.swift; sourceTree = "<group>"; };
		B6FC01C22A77BDE100BD56D9 /* MarketNftViewController.swift */ = {isa = PBXFileReference; lastKnownFileType = sourcecode.swift; path = MarketNftViewController.swift; sourceTree = "<group>"; };
		B6FC01C42A77BDF700BD56D9 /* PrimaryNftViewController.swift */ = {isa = PBXFileReference; lastKnownFileType = sourcecode.swift; path = PrimaryNftViewController.swift; sourceTree = "<group>"; };
		B6FC01C72A77E9FD00BD56D9 /* TitleTabCell.swift */ = {isa = PBXFileReference; lastKnownFileType = sourcecode.swift; path = TitleTabCell.swift; sourceTree = "<group>"; };
		B6FC01C82A77E9FD00BD56D9 /* TitleTabCell.xib */ = {isa = PBXFileReference; lastKnownFileType = file.xib; path = TitleTabCell.xib; sourceTree = "<group>"; };
		B6FC01CB2A77EBEF00BD56D9 /* MenuTitleTabView.swift */ = {isa = PBXFileReference; lastKnownFileType = sourcecode.swift; path = MenuTitleTabView.swift; sourceTree = "<group>"; };
		B6FC01CF2A78099B00BD56D9 /* NftGridCell.swift */ = {isa = PBXFileReference; lastKnownFileType = sourcecode.swift; path = NftGridCell.swift; sourceTree = "<group>"; };
		B6FC01D02A78099B00BD56D9 /* NftGridCell.xib */ = {isa = PBXFileReference; lastKnownFileType = file.xib; path = NftGridCell.xib; sourceTree = "<group>"; };
		B6FC01D32A780A6700BD56D9 /* NftData.swift */ = {isa = PBXFileReference; lastKnownFileType = sourcecode.swift; path = NftData.swift; sourceTree = "<group>"; };
		B6FC01D62A79CAB000BD56D9 /* DisplayType.swift */ = {isa = PBXFileReference; lastKnownFileType = sourcecode.swift; path = DisplayType.swift; sourceTree = "<group>"; };
		B6FC01D92A7A871200BD56D9 /* NftListCell.swift */ = {isa = PBXFileReference; lastKnownFileType = sourcecode.swift; path = NftListCell.swift; sourceTree = "<group>"; };
		B6FC01DA2A7A871200BD56D9 /* NftListCell.xib */ = {isa = PBXFileReference; lastKnownFileType = file.xib; path = NftListCell.xib; sourceTree = "<group>"; };
		B6FC01DE2A7AB87000BD56D9 /* PopularNftCell.swift */ = {isa = PBXFileReference; lastKnownFileType = sourcecode.swift; path = PopularNftCell.swift; sourceTree = "<group>"; };
		B6FC01DF2A7AB87000BD56D9 /* PopularNftCell.xib */ = {isa = PBXFileReference; lastKnownFileType = file.xib; path = PopularNftCell.xib; sourceTree = "<group>"; };
		B6FC01E32A7ABF4100BD56D9 /* NftCollectionCell.swift */ = {isa = PBXFileReference; lastKnownFileType = sourcecode.swift; path = NftCollectionCell.swift; sourceTree = "<group>"; };
		B6FC01E42A7ABF4100BD56D9 /* NftCollectionCell.xib */ = {isa = PBXFileReference; lastKnownFileType = file.xib; path = NftCollectionCell.xib; sourceTree = "<group>"; };
		B6FC01E82A7B127800BD56D9 /* CollectionHeaderView.swift */ = {isa = PBXFileReference; lastKnownFileType = sourcecode.swift; path = CollectionHeaderView.swift; sourceTree = "<group>"; };
		B6FC01E92A7B127800BD56D9 /* CollectionHeaderView.xib */ = {isa = PBXFileReference; lastKnownFileType = file.xib; path = CollectionHeaderView.xib; sourceTree = "<group>"; };
		B6FC01EC2A7D0A1500BD56D9 /* DetailsAssetViewController.swift */ = {isa = PBXFileReference; lastKnownFileType = sourcecode.swift; path = DetailsAssetViewController.swift; sourceTree = "<group>"; };
/* End PBXFileReference section */

/* Begin PBXFrameworksBuildPhase section */
		B67ECFCD2A66AD760052CA79 /* Frameworks */ = {
			isa = PBXFrameworksBuildPhase;
			buildActionMask = 2147483647;
			files = (
			);
			runOnlyForDeploymentPostprocessing = 0;
		};
/* End PBXFrameworksBuildPhase section */

/* Begin PBXGroup section */
		B60A64662A68475D009EB2F4 /* extensions */ = {
			isa = PBXGroup;
			children = (
				B60A64672A68476F009EB2F4 /* UIColor.swift */,
				B6FC017C2A6FCFF600BD56D9 /* UIView.swift */,
				B6FC01B42A73C92600BD56D9 /* NSMutableAttributedString.swift */,
				B6FC01B62A75293000BD56D9 /* UITapGestureRecognizer.swift */,
			);
			path = extensions;
			sourceTree = "<group>";
		};
		B60A64692A693159009EB2F4 /* register */ = {
			isa = PBXGroup;
			children = (
				B60A646C2A697C3E009EB2F4 /* PhoneVerificationViewController.swift */,
				B60091482A6703C100CCAE26 /* RegisterViewController.swift */,
				B60A646A2A693176009EB2F4 /* VerifyViewController.swift */,
			);
			path = register;
			sourceTree = "<group>";
		};
		B67ECFC72A66AD760052CA79 = {
			isa = PBXGroup;
			children = (
				B67ECFD22A66AD760052CA79 /* Markets */,
				B67ECFD12A66AD760052CA79 /* Products */,
			);
			sourceTree = "<group>";
		};
		B67ECFD12A66AD760052CA79 /* Products */ = {
			isa = PBXGroup;
			children = (
				B67ECFD02A66AD760052CA79 /* Markets.app */,
			);
			name = Products;
			sourceTree = "<group>";
		};
		B67ECFD22A66AD760052CA79 /* Markets */ = {
			isa = PBXGroup;
			children = (
				B6C364B82A8E1562004B4478 /* services */,
				B6FC018F2A71160900BD56D9 /* cells */,
				B6FC01792A6EE6FB00BD56D9 /* utils */,
				B67ECFE72A66AE2E0052CA79 /* Models */,
				B67ECFE82A66AE360052CA79 /* Views */,
				B67ECFE92A66AE3B0052CA79 /* Core */,
				B67ECFD32A66AD760052CA79 /* AppDelegate.swift */,
				B67ECFD52A66AD760052CA79 /* SceneDelegate.swift */,
				B67ECFDC2A66AD770052CA79 /* Assets.xcassets */,
				B67ECFDE2A66AD770052CA79 /* LaunchScreen.storyboard */,
				B67ECFE12A66AD770052CA79 /* Info.plist */,
			);
			path = Markets;
			sourceTree = "<group>";
		};
		B67ECFE72A66AE2E0052CA79 /* Models */ = {
			isa = PBXGroup;
			children = (
				B6FC016A2A6C833100BD56D9 /* SlideData.swift */,
				B6FC019A2A713C6400BD56D9 /* AssetData.swift */,
				B6FC01B02A72D08900BD56D9 /* WalletTypeData.swift */,
				B6FC01D32A780A6700BD56D9 /* NftData.swift */,
				B685ECA32A80FEAC007E5A4B /* StatData.swift */,
				B685ECAA2A8108F1007E5A4B /* ActivityData.swift */,
				B685ECB12A823605007E5A4B /* Category.swift */,
				B685ECB82A823A8E007E5A4B /* CollectionData.swift */,
			);
			path = Models;
			sourceTree = "<group>";
		};
		B67ECFE82A66AE360052CA79 /* Views */ = {
			isa = PBXGroup;
			children = (
				B67ECFD92A66AD760052CA79 /* Main.storyboard */,
				B6FC01682A6C7CD400BD56D9 /* Slide.xib */,
				B6FC016C2A6D502C00BD56D9 /* Wallet.storyboard */,
				B6FC016E2A6D504C00BD56D9 /* Dex.storyboard */,
				B6FC01702A6D506000BD56D9 /* Nft.storyboard */,
				B6FC01722A6D506E00BD56D9 /* Stats.storyboard */,
				B6FC01742A6D507D00BD56D9 /* Profile.storyboard */,
			);
			path = Views;
			sourceTree = "<group>";
		};
		B67ECFE92A66AE3B0052CA79 /* Core */ = {
			isa = PBXGroup;
			children = (
				B6FC01762A6D536A00BD56D9 /* home */,
				B6FC015F2A6C771700BD56D9 /* onboarding */,
				B67ECFEA2A66AECC0052CA79 /* Auth */,
				B67ECFD72A66AD760052CA79 /* ViewController.swift */,
			);
			path = Core;
			sourceTree = "<group>";
		};
		B67ECFEA2A66AECC0052CA79 /* Auth */ = {
			isa = PBXGroup;
			children = (
				B6C364B52A8BD946004B4478 /* login */,
				B6FC015A2A698F5500BD56D9 /* forgotPassword */,
				B60A64692A693159009EB2F4 /* register */,
			);
			path = Auth;
			sourceTree = "<group>";
		};
		B685EC972A80DF40007E5A4B /* StatCell */ = {
			isa = PBXGroup;
			children = (
				B685EC982A80DF70007E5A4B /* StatCell.swift */,
				B685EC992A80DF70007E5A4B /* StatCell.xib */,
			);
			path = StatCell;
			sourceTree = "<group>";
		};
		B685EC9C2A80ED4D007E5A4B /* stat */ = {
			isa = PBXGroup;
			children = (
				B685EC9D2A80ED6B007E5A4B /* StatsHomeViewController.swift */,
				B685EC9F2A80EECC007E5A4B /* RankingsViewController.swift */,
				B685ECA12A80EEDC007E5A4B /* ActivityViewController.swift */,
			);
			path = stat;
			sourceTree = "<group>";
		};
		B685ECA52A8104E0007E5A4B /* activityCell */ = {
			isa = PBXGroup;
			children = (
				B685ECA62A8104F9007E5A4B /* ActivityCell.swift */,
				B685ECA72A8104F9007E5A4B /* ActivityCell.xib */,
			);
			path = activityCell;
			sourceTree = "<group>";
		};
		B685ECAC2A8234FB007E5A4B /* RecentSearchCell */ = {
			isa = PBXGroup;
			children = (
				B685ECAD2A823514007E5A4B /* RecentSearchCell.swift */,
				B685ECAE2A823514007E5A4B /* RecentSearchCell.xib */,
			);
			path = RecentSearchCell;
			sourceTree = "<group>";
		};
		B685ECB32A8236C6007E5A4B /* CollectionCell */ = {
			isa = PBXGroup;
			children = (
				B685ECB42A8236DC007E5A4B /* CollectionCell.swift */,
				B685ECB52A8236DC007E5A4B /* CollectionCell.xib */,
			);
			path = CollectionCell;
			sourceTree = "<group>";
		};
		B685ECBA2A823E22007E5A4B /* search */ = {
			isa = PBXGroup;
			children = (
				B685ECBB2A823E38007E5A4B /* SearchViewController.swift */,
			);
			path = search;
			sourceTree = "<group>";
		};
		B685ECBD2A8268E0007E5A4B /* CategoryHeaderView */ = {
			isa = PBXGroup;
			children = (
				B685ECBE2A826901007E5A4B /* CategoryHeaderView.swift */,
				B685ECBF2A826901007E5A4B /* CategoryHeaderView.xib */,
			);
			path = CategoryHeaderView;
			sourceTree = "<group>";
		};
		B685ECC22A82697E007E5A4B /* TrendingCollectionView */ = {
			isa = PBXGroup;
			children = (
				B685ECC32A826994007E5A4B /* TrendingCollectionView.swift */,
				B685ECC42A826994007E5A4B /* TrendingCollectionView.xib */,
			);
			path = TrendingCollectionView;
			sourceTree = "<group>";
		};
		B685ECC72A8396EE007E5A4B /* profil */ = {
			isa = PBXGroup;
			children = (
				B685ECC82A839704007E5A4B /* SettingsViewController.swift */,
				B685ECCA2A83DA42007E5A4B /* AccountViewController.swift */,
				B685ECCC2A83E1B9007E5A4B /* SecurityViewController.swift */,
				B685ECCE2A83EDBA007E5A4B /* NotificationViewController.swift */,
				B685ECD02A844158007E5A4B /* BillingViewController.swift */,
			);
			path = profil;
			sourceTree = "<group>";
		};
		B6C364B52A8BD946004B4478 /* login */ = {
			isa = PBXGroup;
			children = (
				B67ECFEB2A66AFAA0052CA79 /* LoginViewController.swift */,
				B6C364B62A8BD965004B4478 /* LoginViewModel.swift */,
			);
			path = login;
			sourceTree = "<group>";
		};
		B6C364B82A8E1562004B4478 /* services */ = {
			isa = PBXGroup;
			children = (
				B6C364B92A8E15A4004B4478 /* WalletService.swift */,
				B6C364BB2A8E15AF004B4478 /* NftService.swift */,
				B6C364BD2A8E15B9004B4478 /* SearchService.swift */,
				B6C364BF2A8E15C6004B4478 /* StatsService.swift */,
			);
			path = services;
			sourceTree = "<group>";
		};
		B6C364C12A8E1820004B4478 /* assets */ = {
			isa = PBXGroup;
			children = (
				B6FC01832A708A7E00BD56D9 /* AssetsViewController.swift */,
				B6C364C22A8E1837004B4478 /* AssetsViewModel.swift */,
			);
			path = assets;
			sourceTree = "<group>";
		};
		B6C364C42A8E2C89004B4478 /* manage */ = {
			isa = PBXGroup;
			children = (
				B6FC01A92A72B65D00BD56D9 /* WalletManageViewController.swift */,
				B6C364C52A8E2CE4004B4478 /* WalletManageViewModel.swift */,
			);
			path = manage;
			sourceTree = "<group>";
		};
		B6FC015A2A698F5500BD56D9 /* forgotPassword */ = {
			isa = PBXGroup;
			children = (
				B6FC015B2A699A7800BD56D9 /* EmailViewController.swift */,
				B6FC015D2A699A8400BD56D9 /* ResetPasswordViewController.swift */,
			);
			path = forgotPassword;
			sourceTree = "<group>";
		};
		B6FC015F2A6C771700BD56D9 /* onboarding */ = {
			isa = PBXGroup;
			children = (
				B6FC01602A6C773000BD56D9 /* OnBoardingViewController.swift */,
				B6FC01622A6C79CE00BD56D9 /* RectanglePageControl.swift */,
				B6FC01662A6C7CB900BD56D9 /* Slide.swift */,
				B6FC01A52A72843A00BD56D9 /* PagerPageViewController.swift */,
				B6FC01A72A72849400BD56D9 /* SlideViewController.swift */,
			);
			path = onboarding;
			sourceTree = "<group>";
		};
		B6FC01762A6D536A00BD56D9 /* home */ = {
			isa = PBXGroup;
			children = (
				B685ECC72A8396EE007E5A4B /* profil */,
				B685ECBA2A823E22007E5A4B /* search */,
				B685EC9C2A80ED4D007E5A4B /* stat */,
				B6FC01BF2A77BACB00BD56D9 /* pager */,
				B6FC01BC2A77B7FE00BD56D9 /* nft */,
				B6FC01802A7087EA00BD56D9 /* wallet */,
				B6FC01772A6D53A500BD56D9 /* HomeTabViewController.swift */,
			);
			path = home;
			sourceTree = "<group>";
		};
		B6FC01792A6EE6FB00BD56D9 /* utils */ = {
			isa = PBXGroup;
			children = (
				B6FC01D52A79CA9B00BD56D9 /* enums */,
				B6FC01CD2A77EF5200BD56D9 /* customViews */,
				B60A64662A68475D009EB2F4 /* extensions */,
			);
			path = utils;
			sourceTree = "<group>";
		};
		B6FC01802A7087EA00BD56D9 /* wallet */ = {
			isa = PBXGroup;
			children = (
				B6C364C42A8E2C89004B4478 /* manage */,
				B6C364C12A8E1820004B4478 /* assets */,
				B6FC017A2A6EE88600BD56D9 /* MenuTabsView.swift */,
				B6FC01812A70881B00BD56D9 /* WalletViewController.swift */,
				B6FC01A12A71753E00BD56D9 /* NFTViewController.swift */,
				B6FC01A32A71754E00BD56D9 /* DeFiViewController.swift */,
				B6FC01B22A73B25D00BD56D9 /* AddWalletViewController.swift */,
				B6FC01B82A75351400BD56D9 /* TermServiceViewController.swift */,
				B6FC01BA2A7545E600BD56D9 /* PrivacyViewController.swift */,
			);
			path = wallet;
			sourceTree = "<group>";
		};
		B6FC018F2A71160900BD56D9 /* cells */ = {
			isa = PBXGroup;
			children = (
				B685ECC22A82697E007E5A4B /* TrendingCollectionView */,
				B685ECBD2A8268E0007E5A4B /* CategoryHeaderView */,
				B685ECB32A8236C6007E5A4B /* CollectionCell */,
				B685ECAC2A8234FB007E5A4B /* RecentSearchCell */,
				B685ECA52A8104E0007E5A4B /* activityCell */,
				B685EC972A80DF40007E5A4B /* StatCell */,
				B6FC01E72A7B124700BD56D9 /* CollectionHeaderView */,
				B6FC01E22A7ABF2700BD56D9 /* NftCollectionCell */,
				B6FC01DD2A7AB85800BD56D9 /* PopularNftCell */,
				B6FC01D82A7A86F900BD56D9 /* NftListCell */,
				B6FC01CE2A78097900BD56D9 /* NftGridCell */,
				B6FC01C62A77E9C700BD56D9 /* TitleTabCell */,
				B6FC01AB2A72B9BC00BD56D9 /* WalletTypeCell */,
				B6FC01952A71304800BD56D9 /* AssetCell */,
				B6FC01902A71163C00BD56D9 /* TabCell */,
			);
			path = cells;
			sourceTree = "<group>";
		};
		B6FC01902A71163C00BD56D9 /* TabCell */ = {
			isa = PBXGroup;
			children = (
				B6FC01912A71164E00BD56D9 /* TabCell.swift */,
				B6FC01922A71164E00BD56D9 /* TabCell.xib */,
			);
			path = TabCell;
			sourceTree = "<group>";
		};
		B6FC01952A71304800BD56D9 /* AssetCell */ = {
			isa = PBXGroup;
			children = (
				B6FC019C2A7140FA00BD56D9 /* AssetCell.swift */,
				B6FC019D2A7140FA00BD56D9 /* AssetCell.xib */,
			);
			path = AssetCell;
			sourceTree = "<group>";
		};
		B6FC01AB2A72B9BC00BD56D9 /* WalletTypeCell */ = {
			isa = PBXGroup;
			children = (
				B6FC01AC2A72BA2500BD56D9 /* WalletTypeCell.swift */,
				B6FC01AD2A72BA2500BD56D9 /* WalletTypeCell.xib */,
			);
			path = WalletTypeCell;
			sourceTree = "<group>";
		};
		B6FC01BC2A77B7FE00BD56D9 /* nft */ = {
			isa = PBXGroup;
			children = (
				B6FC01BD2A77B81D00BD56D9 /* NftHomeViewController.swift */,
				B6FC01C02A77BDD000BD56D9 /* PopularNftViewController.swift */,
				B6FC01C22A77BDE100BD56D9 /* MarketNftViewController.swift */,
				B6FC01C42A77BDF700BD56D9 /* PrimaryNftViewController.swift */,
				B6FC01EC2A7D0A1500BD56D9 /* DetailsAssetViewController.swift */,
				B685EC932A7E9F2E007E5A4B /* ConfirmPurchaseViewController.swift */,
				B685EC952A7FFCAF007E5A4B /* SuccessfullBidViewController.swift */,
			);
			path = nft;
			sourceTree = "<group>";
		};
		B6FC01BF2A77BACB00BD56D9 /* pager */ = {
			isa = PBXGroup;
			children = (
				B6FC01852A708C7A00BD56D9 /* PagerViewController.swift */,
			);
			path = pager;
			sourceTree = "<group>";
		};
		B6FC01C62A77E9C700BD56D9 /* TitleTabCell */ = {
			isa = PBXGroup;
			children = (
				B6FC01C72A77E9FD00BD56D9 /* TitleTabCell.swift */,
				B6FC01C82A77E9FD00BD56D9 /* TitleTabCell.xib */,
			);
			path = TitleTabCell;
			sourceTree = "<group>";
		};
		B6FC01CD2A77EF5200BD56D9 /* customViews */ = {
			isa = PBXGroup;
			children = (
				B6FC01CB2A77EBEF00BD56D9 /* MenuTitleTabView.swift */,
				B6C364B02A88E4BA004B4478 /* Input.swift */,
			);
			path = customViews;
			sourceTree = "<group>";
		};
		B6FC01CE2A78097900BD56D9 /* NftGridCell */ = {
			isa = PBXGroup;
			children = (
				B6FC01CF2A78099B00BD56D9 /* NftGridCell.swift */,
				B6FC01D02A78099B00BD56D9 /* NftGridCell.xib */,
			);
			path = NftGridCell;
			sourceTree = "<group>";
		};
		B6FC01D52A79CA9B00BD56D9 /* enums */ = {
			isa = PBXGroup;
			children = (
				B6FC01D62A79CAB000BD56D9 /* DisplayType.swift */,
			);
			path = enums;
			sourceTree = "<group>";
		};
		B6FC01D82A7A86F900BD56D9 /* NftListCell */ = {
			isa = PBXGroup;
			children = (
				B6FC01D92A7A871200BD56D9 /* NftListCell.swift */,
				B6FC01DA2A7A871200BD56D9 /* NftListCell.xib */,
			);
			path = NftListCell;
			sourceTree = "<group>";
		};
		B6FC01DD2A7AB85800BD56D9 /* PopularNftCell */ = {
			isa = PBXGroup;
			children = (
				B6FC01DE2A7AB87000BD56D9 /* PopularNftCell.swift */,
				B6FC01DF2A7AB87000BD56D9 /* PopularNftCell.xib */,
			);
			path = PopularNftCell;
			sourceTree = "<group>";
		};
		B6FC01E22A7ABF2700BD56D9 /* NftCollectionCell */ = {
			isa = PBXGroup;
			children = (
				B6FC01E32A7ABF4100BD56D9 /* NftCollectionCell.swift */,
				B6FC01E42A7ABF4100BD56D9 /* NftCollectionCell.xib */,
			);
			path = NftCollectionCell;
			sourceTree = "<group>";
		};
		B6FC01E72A7B124700BD56D9 /* CollectionHeaderView */ = {
			isa = PBXGroup;
			children = (
				B6FC01E82A7B127800BD56D9 /* CollectionHeaderView.swift */,
				B6FC01E92A7B127800BD56D9 /* CollectionHeaderView.xib */,
			);
			path = CollectionHeaderView;
			sourceTree = "<group>";
		};
/* End PBXGroup section */

/* Begin PBXNativeTarget section */
		B67ECFCF2A66AD760052CA79 /* Markets */ = {
			isa = PBXNativeTarget;
			buildConfigurationList = B67ECFE42A66AD770052CA79 /* Build configuration list for PBXNativeTarget "Markets" */;
			buildPhases = (
				B67ECFCC2A66AD760052CA79 /* Sources */,
				B67ECFCD2A66AD760052CA79 /* Frameworks */,
				B67ECFCE2A66AD760052CA79 /* Resources */,
			);
			buildRules = (
			);
			dependencies = (
			);
			name = Markets;
			productName = Markets;
			productReference = B67ECFD02A66AD760052CA79 /* Markets.app */;
			productType = "com.apple.product-type.application";
		};
/* End PBXNativeTarget section */

/* Begin PBXProject section */
		B67ECFC82A66AD760052CA79 /* Project object */ = {
			isa = PBXProject;
			attributes = {
				BuildIndependentTargetsInParallel = 1;
				LastSwiftUpdateCheck = 1420;
				LastUpgradeCheck = 1420;
				TargetAttributes = {
					B67ECFCF2A66AD760052CA79 = {
						CreatedOnToolsVersion = 14.2;
					};
				};
			};
			buildConfigurationList = B67ECFCB2A66AD760052CA79 /* Build configuration list for PBXProject "Markets" */;
			compatibilityVersion = "Xcode 14.0";
			developmentRegion = en;
			hasScannedForEncodings = 0;
			knownRegions = (
				en,
				Base,
			);
			mainGroup = B67ECFC72A66AD760052CA79;
			productRefGroup = B67ECFD12A66AD760052CA79 /* Products */;
			projectDirPath = "";
			projectRoot = "";
			targets = (
				B67ECFCF2A66AD760052CA79 /* Markets */,
			);
		};
/* End PBXProject section */

/* Begin PBXResourcesBuildPhase section */
		B67ECFCE2A66AD760052CA79 /* Resources */ = {
			isa = PBXResourcesBuildPhase;
			buildActionMask = 2147483647;
			files = (
				B67ECFE02A66AD770052CA79 /* LaunchScreen.storyboard in Resources */,
				B6FC016D2A6D502C00BD56D9 /* Wallet.storyboard in Resources */,
				B6FC016F2A6D504C00BD56D9 /* Dex.storyboard in Resources */,
				B6FC01712A6D506000BD56D9 /* Nft.storyboard in Resources */,
				B685ECB02A823514007E5A4B /* RecentSearchCell.xib in Resources */,
				B67ECFDD2A66AD770052CA79 /* Assets.xcassets in Resources */,
				B6FC01EB2A7B127800BD56D9 /* CollectionHeaderView.xib in Resources */,
				B685ECA92A8104F9007E5A4B /* ActivityCell.xib in Resources */,
				B685EC9B2A80DF70007E5A4B /* StatCell.xib in Resources */,
				B6FC01CA2A77E9FD00BD56D9 /* TitleTabCell.xib in Resources */,
				B6FC01D22A78099B00BD56D9 /* NftGridCell.xib in Resources */,
				B6FC01942A71164E00BD56D9 /* TabCell.xib in Resources */,
				B67ECFDB2A66AD760052CA79 /* Main.storyboard in Resources */,
				B685ECC62A826994007E5A4B /* TrendingCollectionView.xib in Resources */,
				B6FC01752A6D507D00BD56D9 /* Profile.storyboard in Resources */,
				B685ECC12A826901007E5A4B /* CategoryHeaderView.xib in Resources */,
				B6FC01E62A7ABF4100BD56D9 /* NftCollectionCell.xib in Resources */,
				B6FC01732A6D506E00BD56D9 /* Stats.storyboard in Resources */,
				B6FC019F2A7140FA00BD56D9 /* AssetCell.xib in Resources */,
				B6FC01AF2A72BA2500BD56D9 /* WalletTypeCell.xib in Resources */,
				B6FC01DC2A7A871200BD56D9 /* NftListCell.xib in Resources */,
				B685ECB72A8236DC007E5A4B /* CollectionCell.xib in Resources */,
				B6FC01E12A7AB87000BD56D9 /* PopularNftCell.xib in Resources */,
				B6FC01692A6C7CD400BD56D9 /* Slide.xib in Resources */,
			);
			runOnlyForDeploymentPostprocessing = 0;
		};
/* End PBXResourcesBuildPhase section */

/* Begin PBXSourcesBuildPhase section */
		B67ECFCC2A66AD760052CA79 /* Sources */ = {
			isa = PBXSourcesBuildPhase;
			buildActionMask = 2147483647;
			files = (
				B6FC01DB2A7A871200BD56D9 /* NftListCell.swift in Sources */,
				B6FC01B72A75293000BD56D9 /* UITapGestureRecognizer.swift in Sources */,
				B685ECCB2A83DA42007E5A4B /* AccountViewController.swift in Sources */,
				B685EC962A7FFCAF007E5A4B /* SuccessfullBidViewController.swift in Sources */,
				B6FC01BE2A77B81D00BD56D9 /* NftHomeViewController.swift in Sources */,
				B6FC01C12A77BDD000BD56D9 /* PopularNftViewController.swift in Sources */,
				B67ECFEC2A66AFAA0052CA79 /* LoginViewController.swift in Sources */,
				B6FC01CC2A77EBEF00BD56D9 /* MenuTitleTabView.swift in Sources */,
				B685EC942A7E9F2E007E5A4B /* ConfirmPurchaseViewController.swift in Sources */,
				B6FC01A22A71753E00BD56D9 /* NFTViewController.swift in Sources */,
				B6FC01B32A73B25D00BD56D9 /* AddWalletViewController.swift in Sources */,
				B685ECA82A8104F9007E5A4B /* ActivityCell.swift in Sources */,
				B685ECB22A823605007E5A4B /* Category.swift in Sources */,
				B6FC01C92A77E9FD00BD56D9 /* TitleTabCell.swift in Sources */,
				B685ECCD2A83E1B9007E5A4B /* SecurityViewController.swift in Sources */,
				B6FC01D72A79CAB000BD56D9 /* DisplayType.swift in Sources */,
				B6FC015C2A699A7800BD56D9 /* EmailViewController.swift in Sources */,
				B6FC01862A708C7A00BD56D9 /* PagerViewController.swift in Sources */,
				B6FC01C52A77BDF700BD56D9 /* PrimaryNftViewController.swift in Sources */,
				B6FC01932A71164E00BD56D9 /* TabCell.swift in Sources */,
				B6FC01A82A72849400BD56D9 /* SlideViewController.swift in Sources */,
				B6C364C02A8E15C6004B4478 /* StatsService.swift in Sources */,
				B6FC019B2A713C6400BD56D9 /* AssetData.swift in Sources */,
				B60A64682A68476F009EB2F4 /* UIColor.swift in Sources */,
				B685ECC02A826901007E5A4B /* CategoryHeaderView.swift in Sources */,
				B6C364BC2A8E15AF004B4478 /* NftService.swift in Sources */,
				B685ECAB2A8108F1007E5A4B /* ActivityData.swift in Sources */,
				B6FC01842A708A7E00BD56D9 /* AssetsViewController.swift in Sources */,
				B60091492A6703C100CCAE26 /* RegisterViewController.swift in Sources */,
				B67ECFD82A66AD760052CA79 /* ViewController.swift in Sources */,
				B6FC01822A70881B00BD56D9 /* WalletViewController.swift in Sources */,
				B685ECCF2A83EDBA007E5A4B /* NotificationViewController.swift in Sources */,
				B6FC01EA2A7B127800BD56D9 /* CollectionHeaderView.swift in Sources */,
				B60A646D2A697C3E009EB2F4 /* PhoneVerificationViewController.swift in Sources */,
				B6C364BA2A8E15A4004B4478 /* WalletService.swift in Sources */,
				B67ECFD42A66AD760052CA79 /* AppDelegate.swift in Sources */,
				B6FC017B2A6EE88600BD56D9 /* MenuTabsView.swift in Sources */,
				B685ECB62A8236DC007E5A4B /* CollectionCell.swift in Sources */,
				B6C364C32A8E1837004B4478 /* AssetsViewModel.swift in Sources */,
				B6FC01D12A78099B00BD56D9 /* NftGridCell.swift in Sources */,
				B6FC01C32A77BDE100BD56D9 /* MarketNftViewController.swift in Sources */,
				B685ECAF2A823514007E5A4B /* RecentSearchCell.swift in Sources */,
				B685ECC92A839704007E5A4B /* SettingsViewController.swift in Sources */,
				B6FC01BB2A7545E600BD56D9 /* PrivacyViewController.swift in Sources */,
				B6FC01A42A71754E00BD56D9 /* DeFiViewController.swift in Sources */,
				B6FC015E2A699A8400BD56D9 /* ResetPasswordViewController.swift in Sources */,
				B6FC01672A6C7CB900BD56D9 /* Slide.swift in Sources */,
				B6FC01AE2A72BA2500BD56D9 /* WalletTypeCell.swift in Sources */,
				B6C364B72A8BD965004B4478 /* LoginViewModel.swift in Sources */,
				B6FC01B52A73C92600BD56D9 /* NSMutableAttributedString.swift in Sources */,
				B6FC016B2A6C833100BD56D9 /* SlideData.swift in Sources */,
				B685EC9E2A80ED6B007E5A4B /* StatsHomeViewController.swift in Sources */,
				B6FC01632A6C79CE00BD56D9 /* RectanglePageControl.swift in Sources */,
				B6FC01AA2A72B65D00BD56D9 /* WalletManageViewController.swift in Sources */,
				B685ECA42A80FEAC007E5A4B /* StatData.swift in Sources */,
				B6FC01A62A72843A00BD56D9 /* PagerPageViewController.swift in Sources */,
				B6FC019E2A7140FA00BD56D9 /* AssetCell.swift in Sources */,
				B685ECA02A80EECC007E5A4B /* RankingsViewController.swift in Sources */,
				B6FC01D42A780A6700BD56D9 /* NftData.swift in Sources */,
				B685ECA22A80EEDC007E5A4B /* ActivityViewController.swift in Sources */,
				B6C364C62A8E2CE4004B4478 /* WalletManageViewModel.swift in Sources */,
				B6FC01ED2A7D0A1500BD56D9 /* DetailsAssetViewController.swift in Sources */,
				B67ECFD62A66AD760052CA79 /* SceneDelegate.swift in Sources */,
				B6FC017D2A6FCFF600BD56D9 /* UIView.swift in Sources */,
				B60A646B2A693176009EB2F4 /* VerifyViewController.swift in Sources */,
				B685EC9A2A80DF70007E5A4B /* StatCell.swift in Sources */,
				B6FC01612A6C773000BD56D9 /* OnBoardingViewController.swift in Sources */,
				B6FC01E02A7AB87000BD56D9 /* PopularNftCell.swift in Sources */,
				B685ECBC2A823E38007E5A4B /* SearchViewController.swift in Sources */,
				B685ECB92A823A8E007E5A4B /* CollectionData.swift in Sources */,
				B685ECD12A844158007E5A4B /* BillingViewController.swift in Sources */,
				B6FC01E52A7ABF4100BD56D9 /* NftCollectionCell.swift in Sources */,
				B6FC01B12A72D08900BD56D9 /* WalletTypeData.swift in Sources */,
				B685ECC52A826994007E5A4B /* TrendingCollectionView.swift in Sources */,
				B6FC01B92A75351400BD56D9 /* TermServiceViewController.swift in Sources */,
				B6C364BE2A8E15B9004B4478 /* SearchService.swift in Sources */,
				B6FC01782A6D53A500BD56D9 /* HomeTabViewController.swift in Sources */,
				B6C364B12A88E4BA004B4478 /* Input.swift in Sources */,
			);
			runOnlyForDeploymentPostprocessing = 0;
		};
/* End PBXSourcesBuildPhase section */

/* Begin PBXVariantGroup section */
		B67ECFD92A66AD760052CA79 /* Main.storyboard */ = {
			isa = PBXVariantGroup;
			children = (
				B67ECFDA2A66AD760052CA79 /* Base */,
			);
			name = Main.storyboard;
			sourceTree = "<group>";
		};
		B67ECFDE2A66AD770052CA79 /* LaunchScreen.storyboard */ = {
			isa = PBXVariantGroup;
			children = (
				B67ECFDF2A66AD770052CA79 /* Base */,
			);
			name = LaunchScreen.storyboard;
			sourceTree = "<group>";
		};
/* End PBXVariantGroup section */

/* Begin XCBuildConfiguration section */
		B67ECFE22A66AD770052CA79 /* Debug */ = {
			isa = XCBuildConfiguration;
			buildSettings = {
				ALWAYS_SEARCH_USER_PATHS = NO;
				CLANG_ANALYZER_NONNULL = YES;
				CLANG_ANALYZER_NUMBER_OBJECT_CONVERSION = YES_AGGRESSIVE;
				CLANG_CXX_LANGUAGE_STANDARD = "gnu++20";
				CLANG_ENABLE_MODULES = YES;
				CLANG_ENABLE_OBJC_ARC = YES;
				CLANG_ENABLE_OBJC_WEAK = YES;
				CLANG_WARN_BLOCK_CAPTURE_AUTORELEASING = YES;
				CLANG_WARN_BOOL_CONVERSION = YES;
				CLANG_WARN_COMMA = YES;
				CLANG_WARN_CONSTANT_CONVERSION = YES;
				CLANG_WARN_DEPRECATED_OBJC_IMPLEMENTATIONS = YES;
				CLANG_WARN_DIRECT_OBJC_ISA_USAGE = YES_ERROR;
				CLANG_WARN_DOCUMENTATION_COMMENTS = YES;
				CLANG_WARN_EMPTY_BODY = YES;
				CLANG_WARN_ENUM_CONVERSION = YES;
				CLANG_WARN_INFINITE_RECURSION = YES;
				CLANG_WARN_INT_CONVERSION = YES;
				CLANG_WARN_NON_LITERAL_NULL_CONVERSION = YES;
				CLANG_WARN_OBJC_IMPLICIT_RETAIN_SELF = YES;
				CLANG_WARN_OBJC_LITERAL_CONVERSION = YES;
				CLANG_WARN_OBJC_ROOT_CLASS = YES_ERROR;
				CLANG_WARN_QUOTED_INCLUDE_IN_FRAMEWORK_HEADER = YES;
				CLANG_WARN_RANGE_LOOP_ANALYSIS = YES;
				CLANG_WARN_STRICT_PROTOTYPES = YES;
				CLANG_WARN_SUSPICIOUS_MOVE = YES;
				CLANG_WARN_UNGUARDED_AVAILABILITY = YES_AGGRESSIVE;
				CLANG_WARN_UNREACHABLE_CODE = YES;
				CLANG_WARN__DUPLICATE_METHOD_MATCH = YES;
				COPY_PHASE_STRIP = NO;
				DEBUG_INFORMATION_FORMAT = dwarf;
				ENABLE_STRICT_OBJC_MSGSEND = YES;
				ENABLE_TESTABILITY = YES;
				GCC_C_LANGUAGE_STANDARD = gnu11;
				GCC_DYNAMIC_NO_PIC = NO;
				GCC_NO_COMMON_BLOCKS = YES;
				GCC_OPTIMIZATION_LEVEL = 0;
				GCC_PREPROCESSOR_DEFINITIONS = (
					"DEBUG=1",
					"$(inherited)",
				);
				GCC_WARN_64_TO_32_BIT_CONVERSION = YES;
				GCC_WARN_ABOUT_RETURN_TYPE = YES_ERROR;
				GCC_WARN_UNDECLARED_SELECTOR = YES;
				GCC_WARN_UNINITIALIZED_AUTOS = YES_AGGRESSIVE;
				GCC_WARN_UNUSED_FUNCTION = YES;
				GCC_WARN_UNUSED_VARIABLE = YES;
				IPHONEOS_DEPLOYMENT_TARGET = 16.2;
				MTL_ENABLE_DEBUG_INFO = INCLUDE_SOURCE;
				MTL_FAST_MATH = YES;
				ONLY_ACTIVE_ARCH = YES;
				SDKROOT = iphoneos;
				SWIFT_ACTIVE_COMPILATION_CONDITIONS = DEBUG;
				SWIFT_OPTIMIZATION_LEVEL = "-Onone";
			};
			name = Debug;
		};
		B67ECFE32A66AD770052CA79 /* Release */ = {
			isa = XCBuildConfiguration;
			buildSettings = {
				ALWAYS_SEARCH_USER_PATHS = NO;
				CLANG_ANALYZER_NONNULL = YES;
				CLANG_ANALYZER_NUMBER_OBJECT_CONVERSION = YES_AGGRESSIVE;
				CLANG_CXX_LANGUAGE_STANDARD = "gnu++20";
				CLANG_ENABLE_MODULES = YES;
				CLANG_ENABLE_OBJC_ARC = YES;
				CLANG_ENABLE_OBJC_WEAK = YES;
				CLANG_WARN_BLOCK_CAPTURE_AUTORELEASING = YES;
				CLANG_WARN_BOOL_CONVERSION = YES;
				CLANG_WARN_COMMA = YES;
				CLANG_WARN_CONSTANT_CONVERSION = YES;
				CLANG_WARN_DEPRECATED_OBJC_IMPLEMENTATIONS = YES;
				CLANG_WARN_DIRECT_OBJC_ISA_USAGE = YES_ERROR;
				CLANG_WARN_DOCUMENTATION_COMMENTS = YES;
				CLANG_WARN_EMPTY_BODY = YES;
				CLANG_WARN_ENUM_CONVERSION = YES;
				CLANG_WARN_INFINITE_RECURSION = YES;
				CLANG_WARN_INT_CONVERSION = YES;
				CLANG_WARN_NON_LITERAL_NULL_CONVERSION = YES;
				CLANG_WARN_OBJC_IMPLICIT_RETAIN_SELF = YES;
				CLANG_WARN_OBJC_LITERAL_CONVERSION = YES;
				CLANG_WARN_OBJC_ROOT_CLASS = YES_ERROR;
				CLANG_WARN_QUOTED_INCLUDE_IN_FRAMEWORK_HEADER = YES;
				CLANG_WARN_RANGE_LOOP_ANALYSIS = YES;
				CLANG_WARN_STRICT_PROTOTYPES = YES;
				CLANG_WARN_SUSPICIOUS_MOVE = YES;
				CLANG_WARN_UNGUARDED_AVAILABILITY = YES_AGGRESSIVE;
				CLANG_WARN_UNREACHABLE_CODE = YES;
				CLANG_WARN__DUPLICATE_METHOD_MATCH = YES;
				COPY_PHASE_STRIP = NO;
				DEBUG_INFORMATION_FORMAT = "dwarf-with-dsym";
				ENABLE_NS_ASSERTIONS = NO;
				ENABLE_STRICT_OBJC_MSGSEND = YES;
				GCC_C_LANGUAGE_STANDARD = gnu11;
				GCC_NO_COMMON_BLOCKS = YES;
				GCC_WARN_64_TO_32_BIT_CONVERSION = YES;
				GCC_WARN_ABOUT_RETURN_TYPE = YES_ERROR;
				GCC_WARN_UNDECLARED_SELECTOR = YES;
				GCC_WARN_UNINITIALIZED_AUTOS = YES_AGGRESSIVE;
				GCC_WARN_UNUSED_FUNCTION = YES;
				GCC_WARN_UNUSED_VARIABLE = YES;
				IPHONEOS_DEPLOYMENT_TARGET = 16.2;
				MTL_ENABLE_DEBUG_INFO = NO;
				MTL_FAST_MATH = YES;
				SDKROOT = iphoneos;
				SWIFT_COMPILATION_MODE = wholemodule;
				SWIFT_OPTIMIZATION_LEVEL = "-O";
				VALIDATE_PRODUCT = YES;
			};
			name = Release;
		};
		B67ECFE52A66AD770052CA79 /* Debug */ = {
			isa = XCBuildConfiguration;
			buildSettings = {
				ASSETCATALOG_COMPILER_APPICON_NAME = AppIcon;
				ASSETCATALOG_COMPILER_GLOBAL_ACCENT_COLOR_NAME = AccentColor;
				CODE_SIGN_STYLE = Automatic;
				CURRENT_PROJECT_VERSION = 1;
				DEVELOPMENT_TEAM = 4S5N4DZ3T3;
				GENERATE_INFOPLIST_FILE = YES;
				INFOPLIST_FILE = Markets/Info.plist;
				INFOPLIST_KEY_UIApplicationSupportsIndirectInputEvents = YES;
				INFOPLIST_KEY_UILaunchStoryboardName = LaunchScreen;
				INFOPLIST_KEY_UIMainStoryboardFile = Main;
				INFOPLIST_KEY_UISupportedInterfaceOrientations_iPad = "UIInterfaceOrientationPortrait UIInterfaceOrientationPortraitUpsideDown UIInterfaceOrientationLandscapeLeft UIInterfaceOrientationLandscapeRight";
				INFOPLIST_KEY_UISupportedInterfaceOrientations_iPhone = "UIInterfaceOrientationPortrait UIInterfaceOrientationLandscapeLeft UIInterfaceOrientationLandscapeRight";
				LD_RUNPATH_SEARCH_PATHS = (
					"$(inherited)",
					"@executable_path/Frameworks",
				);
				MARKETING_VERSION = 1.0;
				PRODUCT_BUNDLE_IDENTIFIER = com.spencer..Markets;
				PRODUCT_NAME = "$(TARGET_NAME)";
				SUPPORTED_PLATFORMS = "iphoneos iphonesimulator";
				SUPPORTS_MACCATALYST = NO;
				SUPPORTS_MAC_DESIGNED_FOR_IPHONE_IPAD = NO;
				SWIFT_EMIT_LOC_STRINGS = YES;
				SWIFT_VERSION = 5.0;
				TARGETED_DEVICE_FAMILY = 1;
			};
			name = Debug;
		};
		B67ECFE62A66AD770052CA79 /* Release */ = {
			isa = XCBuildConfiguration;
			buildSettings = {
				ASSETCATALOG_COMPILER_APPICON_NAME = AppIcon;
				ASSETCATALOG_COMPILER_GLOBAL_ACCENT_COLOR_NAME = AccentColor;
				CODE_SIGN_STYLE = Automatic;
				CURRENT_PROJECT_VERSION = 1;
				DEVELOPMENT_TEAM = 4S5N4DZ3T3;
				GENERATE_INFOPLIST_FILE = YES;
				INFOPLIST_FILE = Markets/Info.plist;
				INFOPLIST_KEY_UIApplicationSupportsIndirectInputEvents = YES;
				INFOPLIST_KEY_UILaunchStoryboardName = LaunchScreen;
				INFOPLIST_KEY_UIMainStoryboardFile = Main;
				INFOPLIST_KEY_UISupportedInterfaceOrientations_iPad = "UIInterfaceOrientationPortrait UIInterfaceOrientationPortraitUpsideDown UIInterfaceOrientationLandscapeLeft UIInterfaceOrientationLandscapeRight";
				INFOPLIST_KEY_UISupportedInterfaceOrientations_iPhone = "UIInterfaceOrientationPortrait UIInterfaceOrientationLandscapeLeft UIInterfaceOrientationLandscapeRight";
				LD_RUNPATH_SEARCH_PATHS = (
					"$(inherited)",
					"@executable_path/Frameworks",
				);
				MARKETING_VERSION = 1.0;
				PRODUCT_BUNDLE_IDENTIFIER = com.spencer..Markets;
				PRODUCT_NAME = "$(TARGET_NAME)";
				SUPPORTED_PLATFORMS = "iphoneos iphonesimulator";
				SUPPORTS_MACCATALYST = NO;
				SUPPORTS_MAC_DESIGNED_FOR_IPHONE_IPAD = NO;
				SWIFT_EMIT_LOC_STRINGS = YES;
				SWIFT_VERSION = 5.0;
				TARGETED_DEVICE_FAMILY = 1;
			};
			name = Release;
		};
/* End XCBuildConfiguration section */

/* Begin XCConfigurationList section */
		B67ECFCB2A66AD760052CA79 /* Build configuration list for PBXProject "Markets" */ = {
			isa = XCConfigurationList;
			buildConfigurations = (
				B67ECFE22A66AD770052CA79 /* Debug */,
				B67ECFE32A66AD770052CA79 /* Release */,
			);
			defaultConfigurationIsVisible = 0;
			defaultConfigurationName = Release;
		};
		B67ECFE42A66AD770052CA79 /* Build configuration list for PBXNativeTarget "Markets" */ = {
			isa = XCConfigurationList;
			buildConfigurations = (
				B67ECFE52A66AD770052CA79 /* Debug */,
				B67ECFE62A66AD770052CA79 /* Release */,
			);
			defaultConfigurationIsVisible = 0;
			defaultConfigurationName = Release;
		};
/* End XCConfigurationList section */
	};
	rootObject = B67ECFC82A66AD760052CA79 /* Project object */;
}
